// !$*UTF8*$!
{
	archiveVersion = 1;
	classes = {
	};
	objectVersion = 46;
	objects = {

/* Begin PBXBuildFile section */
		BD0000011AB8C461004496EF /* AWSDynamoDBObjectMapperSwiftTests.swift in Sources */ = {isa = PBXBuildFile; fileRef = BD00FFFD1AB8C461004496EF /* AWSDynamoDBObjectMapperSwiftTests.swift */; };
		BD0000021AB8C461004496EF /* AWSDynamoDBObjectMapperTests.m in Sources */ = {isa = PBXBuildFile; fileRef = BD00FFFE1AB8C461004496EF /* AWSDynamoDBObjectMapperTests.m */; };
		BD0000031AB8C461004496EF /* AWSDynamoDBTests.m in Sources */ = {isa = PBXBuildFile; fileRef = BD00FFFF1AB8C461004496EF /* AWSDynamoDBTests.m */; };
		BD0000421AB8C56E004496EF /* credentials.json in Resources */ = {isa = PBXBuildFile; fileRef = BD0000411AB8C56E004496EF /* credentials.json */; };
		BD0000641AB8E20C004496EF /* AWSTestUtility.m in Sources */ = {isa = PBXBuildFile; fileRef = BD0000631AB8E20C004496EF /* AWSTestUtility.m */; };
		BD00FF491AB8B6F8004496EF /* libAWSCore.a in Frameworks */ = {isa = PBXBuildFile; fileRef = BD00FF481AB8B6F8004496EF /* libAWSCore.a */; };
		BD9D975F1AC1EE7900CEEE08 /* AWSDynamoDBService.h in CopyFiles */ = {isa = PBXBuildFile; fileRef = CEE7DE6A1AC1E1500095C4B7 /* AWSDynamoDBService.h */; };
		BDB73D6F1B1D3E9B00717559 /* AWSDynamoDBResources.h in Headers */ = {isa = PBXBuildFile; fileRef = BDB73D6D1B1D3E9B00717559 /* AWSDynamoDBResources.h */; };
		BDB73D701B1D3E9B00717559 /* AWSDynamoDBResources.m in Sources */ = {isa = PBXBuildFile; fileRef = BDB73D6E1B1D3E9B00717559 /* AWSDynamoDBResources.m */; };
		BDC91C571ABBA0E900F74D49 /* AWSDynamoDB.h in CopyFiles */ = {isa = PBXBuildFile; fileRef = BDF559431AB375260067F4F1 /* AWSDynamoDB.h */; };
		BDC91C581ABBA0E900F74D49 /* AWSDynamoDBModel.h in CopyFiles */ = {isa = PBXBuildFile; fileRef = BDF559451AB375260067F4F1 /* AWSDynamoDBModel.h */; };
		BDC91C591ABBA0E900F74D49 /* AWSDynamoDBObjectMapper.h in CopyFiles */ = {isa = PBXBuildFile; fileRef = BDF559471AB375260067F4F1 /* AWSDynamoDBObjectMapper.h */; };
		BDD876A41B4B52AE009268C7 /* libOCMock.a in Frameworks */ = {isa = PBXBuildFile; fileRef = BDD876A31B4B52AE009268C7 /* libOCMock.a */; };
		BDF1258E1B45C12600DFBFEC /* AWSTestUtility.m in Sources */ = {isa = PBXBuildFile; fileRef = BD0000631AB8E20C004496EF /* AWSTestUtility.m */; };
		BDF1258F1B45C12600DFBFEC /* AWSGeneralDynamoDBTests.m in Sources */ = {isa = PBXBuildFile; fileRef = BD00FFFC1AB8C461004496EF /* AWSGeneralDynamoDBTests.m */; };
		BDF125921B45C12600DFBFEC /* libz.dylib in Frameworks */ = {isa = PBXBuildFile; fileRef = CEE532591B03D374002CED62 /* libz.dylib */; };
		BDF125931B45C12600DFBFEC /* libAWSCore.a in Frameworks */ = {isa = PBXBuildFile; fileRef = BD00FF481AB8B6F8004496EF /* libAWSCore.a */; };
		BDF125941B45C12600DFBFEC /* libAWSDynamoDB.a in Frameworks */ = {isa = PBXBuildFile; fileRef = BDF559271AB374F00067F4F1 /* libAWSDynamoDB.a */; };
		BDF559331AB374F00067F4F1 /* libAWSDynamoDB.a in Frameworks */ = {isa = PBXBuildFile; fileRef = BDF559271AB374F00067F4F1 /* libAWSDynamoDB.a */; };
		BDF5594B1AB375270067F4F1 /* AWSDynamoDB.h in Headers */ = {isa = PBXBuildFile; fileRef = BDF559431AB375260067F4F1 /* AWSDynamoDB.h */; settings = {ATTRIBUTES = (Public, ); }; };
		BDF5594C1AB375270067F4F1 /* AWSDynamoDBService.m in Sources */ = {isa = PBXBuildFile; fileRef = BDF559441AB375260067F4F1 /* AWSDynamoDBService.m */; };
		BDF5594D1AB375270067F4F1 /* AWSDynamoDBModel.h in Headers */ = {isa = PBXBuildFile; fileRef = BDF559451AB375260067F4F1 /* AWSDynamoDBModel.h */; settings = {ATTRIBUTES = (Public, ); }; };
		BDF5594E1AB375270067F4F1 /* AWSDynamoDBModel.m in Sources */ = {isa = PBXBuildFile; fileRef = BDF559461AB375260067F4F1 /* AWSDynamoDBModel.m */; };
		BDF5594F1AB375270067F4F1 /* AWSDynamoDBObjectMapper.h in Headers */ = {isa = PBXBuildFile; fileRef = BDF559471AB375260067F4F1 /* AWSDynamoDBObjectMapper.h */; settings = {ATTRIBUTES = (Public, ); }; };
		BDF559501AB375270067F4F1 /* AWSDynamoDBObjectMapper.m in Sources */ = {isa = PBXBuildFile; fileRef = BDF559481AB375260067F4F1 /* AWSDynamoDBObjectMapper.m */; };
		CE27CB531BF1861700B22AB3 /* UIKit.framework in Frameworks */ = {isa = PBXBuildFile; fileRef = CE27CB521BF1861700B22AB3 /* UIKit.framework */; };
		CE27CB541BF1861C00B22AB3 /* UIKit.framework in Frameworks */ = {isa = PBXBuildFile; fileRef = CE27CB521BF1861700B22AB3 /* UIKit.framework */; };
		CE2EDE8A1BF3DE1800B9F26B /* module.modulemap in CopyFiles */ = {isa = PBXBuildFile; fileRef = CE6552301BEC35F400DACBC2 /* module.modulemap */; };
		CEB380231C177EF4008B520C /* SystemConfiguration.framework in Frameworks */ = {isa = PBXBuildFile; fileRef = CEB380221C177EF4008B520C /* SystemConfiguration.framework */; };
		CEB380441C177FB6008B520C /* SystemConfiguration.framework in Frameworks */ = {isa = PBXBuildFile; fileRef = CEB380221C177EF4008B520C /* SystemConfiguration.framework */; };
		CEB3806C1C1780C5008B520C /* Security.framework in Frameworks */ = {isa = PBXBuildFile; fileRef = CEB3806B1C1780C5008B520C /* Security.framework */; };
		CEB3806D1C1780CA008B520C /* Security.framework in Frameworks */ = {isa = PBXBuildFile; fileRef = CEB3806B1C1780C5008B520C /* Security.framework */; };
		CEE5325A1B03D374002CED62 /* libz.dylib in Frameworks */ = {isa = PBXBuildFile; fileRef = CEE532591B03D374002CED62 /* libz.dylib */; };
		CEE7DE6B1AC1E1500095C4B7 /* AWSDynamoDBService.h in Headers */ = {isa = PBXBuildFile; fileRef = CEE7DE6A1AC1E1500095C4B7 /* AWSDynamoDBService.h */; settings = {ATTRIBUTES = (Public, ); }; };
/* End PBXBuildFile section */

/* Begin PBXContainerItemProxy section */
		BDF1258A1B45C12600DFBFEC /* PBXContainerItemProxy */ = {
			isa = PBXContainerItemProxy;
			containerPortal = BDF5591F1AB374F00067F4F1 /* Project object */;
			proxyType = 1;
			remoteGlobalIDString = BDF559261AB374F00067F4F1;
			remoteInfo = DynamoDB;
		};
		BDF559341AB374F00067F4F1 /* PBXContainerItemProxy */ = {
			isa = PBXContainerItemProxy;
			containerPortal = BDF5591F1AB374F00067F4F1 /* Project object */;
			proxyType = 1;
			remoteGlobalIDString = BDF559261AB374F00067F4F1;
			remoteInfo = DynamoDB;
		};
/* End PBXContainerItemProxy section */

/* Begin PBXCopyFilesBuildPhase section */
		BDF559251AB374F00067F4F1 /* CopyFiles */ = {
			isa = PBXCopyFilesBuildPhase;
			buildActionMask = 2147483647;
			dstPath = "include/$(PRODUCT_NAME)";
			dstSubfolderSpec = 16;
			files = (
				BD9D975F1AC1EE7900CEEE08 /* AWSDynamoDBService.h in CopyFiles */,
				BDC91C571ABBA0E900F74D49 /* AWSDynamoDB.h in CopyFiles */,
				BDC91C581ABBA0E900F74D49 /* AWSDynamoDBModel.h in CopyFiles */,
				BDC91C591ABBA0E900F74D49 /* AWSDynamoDBObjectMapper.h in CopyFiles */,
			);
			runOnlyForDeploymentPostprocessing = 0;
		};
		CE2EDE891BF3DDFF00B9F26B /* CopyFiles */ = {
			isa = PBXCopyFilesBuildPhase;
			buildActionMask = 2147483647;
			dstPath = "modules/$(PRODUCT_NAME)";
			dstSubfolderSpec = 16;
			files = (
				CE2EDE8A1BF3DE1800B9F26B /* module.modulemap in CopyFiles */,
			);
			runOnlyForDeploymentPostprocessing = 0;
		};
/* End PBXCopyFilesBuildPhase section */

/* Begin PBXFileReference section */
		BD0000411AB8C56E004496EF /* credentials.json */ = {isa = PBXFileReference; fileEncoding = 4; lastKnownFileType = text.json; name = credentials.json; path = AWSCoreTests/credentials.json; sourceTree = SOURCE_ROOT; };
		BD0000621AB8E20C004496EF /* AWSTestUtility.h */ = {isa = PBXFileReference; fileEncoding = 4; lastKnownFileType = sourcecode.c.h; name = AWSTestUtility.h; path = AWSCoreTests/AWSTestUtility.h; sourceTree = SOURCE_ROOT; };
		BD0000631AB8E20C004496EF /* AWSTestUtility.m */ = {isa = PBXFileReference; fileEncoding = 4; lastKnownFileType = sourcecode.c.objc; name = AWSTestUtility.m; path = AWSCoreTests/AWSTestUtility.m; sourceTree = SOURCE_ROOT; };
		BD00FF481AB8B6F8004496EF /* libAWSCore.a */ = {isa = PBXFileReference; lastKnownFileType = archive.ar; name = libAWSCore.a; path = "build/Debug-iphoneos/libAWSCore.a"; sourceTree = "<group>"; };
		BD00FFFC1AB8C461004496EF /* AWSGeneralDynamoDBTests.m */ = {isa = PBXFileReference; fileEncoding = 4; lastKnownFileType = sourcecode.c.objc; name = AWSGeneralDynamoDBTests.m; path = ../AWSDynamoDBTests/AWSGeneralDynamoDBTests.m; sourceTree = "<group>"; };
		BD00FFFD1AB8C461004496EF /* AWSDynamoDBObjectMapperSwiftTests.swift */ = {isa = PBXFileReference; fileEncoding = 4; lastKnownFileType = sourcecode.swift; lineEnding = 0; name = AWSDynamoDBObjectMapperSwiftTests.swift; path = ../AWSDynamoDBTests/AWSDynamoDBObjectMapperSwiftTests.swift; sourceTree = "<group>"; xcLanguageSpecificationIdentifier = xcode.lang.swift; };
		BD00FFFE1AB8C461004496EF /* AWSDynamoDBObjectMapperTests.m */ = {isa = PBXFileReference; fileEncoding = 4; lastKnownFileType = sourcecode.c.objc; name = AWSDynamoDBObjectMapperTests.m; path = ../AWSDynamoDBTests/AWSDynamoDBObjectMapperTests.m; sourceTree = "<group>"; };
		BD00FFFF1AB8C461004496EF /* AWSDynamoDBTests.m */ = {isa = PBXFileReference; fileEncoding = 4; lastKnownFileType = sourcecode.c.objc; name = AWSDynamoDBTests.m; path = ../AWSDynamoDBTests/AWSDynamoDBTests.m; sourceTree = "<group>"; };
		BDB6EC2E1AB915B9004C4D80 /* AWSiOSSDKv2Tests-Bridging-Header.h */ = {isa = PBXFileReference; fileEncoding = 4; lastKnownFileType = sourcecode.c.h; name = "AWSiOSSDKv2Tests-Bridging-Header.h"; path = "AWSCoreTests/AWSiOSSDKv2Tests-Bridging-Header.h"; sourceTree = SOURCE_ROOT; };
		BDB73D6D1B1D3E9B00717559 /* AWSDynamoDBResources.h */ = {isa = PBXFileReference; fileEncoding = 4; lastKnownFileType = sourcecode.c.h; lineEnding = 0; path = AWSDynamoDBResources.h; sourceTree = "<group>"; xcLanguageSpecificationIdentifier = xcode.lang.objcpp; };
		BDB73D6E1B1D3E9B00717559 /* AWSDynamoDBResources.m */ = {isa = PBXFileReference; fileEncoding = 4; lastKnownFileType = sourcecode.c.objc; lineEnding = 0; path = AWSDynamoDBResources.m; sourceTree = "<group>"; xcLanguageSpecificationIdentifier = xcode.lang.objc; };
		BDD876A31B4B52AE009268C7 /* libOCMock.a */ = {isa = PBXFileReference; lastKnownFileType = archive.ar; name = libOCMock.a; path = AWSCoreTests/OCMock/libOCMock.a; sourceTree = "<group>"; };
		BDF1259A1B45C12600DFBFEC /* AWSDynamoDBUnitTests.xctest */ = {isa = PBXFileReference; explicitFileType = wrapper.cfbundle; includeInIndex = 0; path = AWSDynamoDBUnitTests.xctest; sourceTree = BUILT_PRODUCTS_DIR; };
		BDF559271AB374F00067F4F1 /* libAWSDynamoDB.a */ = {isa = PBXFileReference; explicitFileType = archive.ar; includeInIndex = 0; path = libAWSDynamoDB.a; sourceTree = BUILT_PRODUCTS_DIR; };
		BDF559321AB374F00067F4F1 /* AWSDynamoDBTests.xctest */ = {isa = PBXFileReference; explicitFileType = wrapper.cfbundle; includeInIndex = 0; path = AWSDynamoDBTests.xctest; sourceTree = BUILT_PRODUCTS_DIR; };
		BDF559381AB374F00067F4F1 /* Info.plist */ = {isa = PBXFileReference; lastKnownFileType = text.plist.xml; name = Info.plist; path = ../AWSDynamoDBTests/Info.plist; sourceTree = "<group>"; };
		BDF559431AB375260067F4F1 /* AWSDynamoDB.h */ = {isa = PBXFileReference; fileEncoding = 4; lastKnownFileType = sourcecode.c.h; name = AWSDynamoDB.h; path = ../AWSDynamoDB/AWSDynamoDB.h; sourceTree = "<group>"; };
		BDF559441AB375260067F4F1 /* AWSDynamoDBService.m */ = {isa = PBXFileReference; fileEncoding = 4; lastKnownFileType = sourcecode.c.objc; lineEnding = 0; name = AWSDynamoDBService.m; path = ../AWSDynamoDB/AWSDynamoDBService.m; sourceTree = "<group>"; xcLanguageSpecificationIdentifier = xcode.lang.objc; };
		BDF559451AB375260067F4F1 /* AWSDynamoDBModel.h */ = {isa = PBXFileReference; fileEncoding = 4; lastKnownFileType = sourcecode.c.h; name = AWSDynamoDBModel.h; path = ../AWSDynamoDB/AWSDynamoDBModel.h; sourceTree = "<group>"; };
		BDF559461AB375260067F4F1 /* AWSDynamoDBModel.m */ = {isa = PBXFileReference; fileEncoding = 4; lastKnownFileType = sourcecode.c.objc; name = AWSDynamoDBModel.m; path = ../AWSDynamoDB/AWSDynamoDBModel.m; sourceTree = "<group>"; };
		BDF559471AB375260067F4F1 /* AWSDynamoDBObjectMapper.h */ = {isa = PBXFileReference; fileEncoding = 4; lastKnownFileType = sourcecode.c.h; lineEnding = 0; name = AWSDynamoDBObjectMapper.h; path = ../AWSDynamoDB/AWSDynamoDBObjectMapper.h; sourceTree = "<group>"; xcLanguageSpecificationIdentifier = xcode.lang.objcpp; };
		BDF559481AB375260067F4F1 /* AWSDynamoDBObjectMapper.m */ = {isa = PBXFileReference; fileEncoding = 4; lastKnownFileType = sourcecode.c.objc; name = AWSDynamoDBObjectMapper.m; path = ../AWSDynamoDB/AWSDynamoDBObjectMapper.m; sourceTree = "<group>"; };
		CE27CB521BF1861700B22AB3 /* UIKit.framework */ = {isa = PBXFileReference; lastKnownFileType = wrapper.framework; name = UIKit.framework; path = System/Library/Frameworks/UIKit.framework; sourceTree = SDKROOT; };
		CE6552301BEC35F400DACBC2 /* module.modulemap */ = {isa = PBXFileReference; fileEncoding = 4; lastKnownFileType = "sourcecode.module-map"; path = module.modulemap; sourceTree = "<group>"; };
		CEB380221C177EF4008B520C /* SystemConfiguration.framework */ = {isa = PBXFileReference; lastKnownFileType = wrapper.framework; name = SystemConfiguration.framework; path = System/Library/Frameworks/SystemConfiguration.framework; sourceTree = SDKROOT; };
		CEB3806B1C1780C5008B520C /* Security.framework */ = {isa = PBXFileReference; lastKnownFileType = wrapper.framework; name = Security.framework; path = System/Library/Frameworks/Security.framework; sourceTree = SDKROOT; };
		CEE532591B03D374002CED62 /* libz.dylib */ = {isa = PBXFileReference; lastKnownFileType = "compiled.mach-o.dylib"; name = libz.dylib; path = usr/lib/libz.dylib; sourceTree = SDKROOT; };
		CEE7DE6A1AC1E1500095C4B7 /* AWSDynamoDBService.h */ = {isa = PBXFileReference; fileEncoding = 4; lastKnownFileType = sourcecode.c.h; name = AWSDynamoDBService.h; path = ../AWSDynamoDB/AWSDynamoDBService.h; sourceTree = "<group>"; };
/* End PBXFileReference section */

/* Begin PBXFrameworksBuildPhase section */
		BDF125911B45C12600DFBFEC /* Frameworks */ = {
			isa = PBXFrameworksBuildPhase;
			buildActionMask = 2147483647;
			files = (
				CEB3806D1C1780CA008B520C /* Security.framework in Frameworks */,
				CEB380231C177EF4008B520C /* SystemConfiguration.framework in Frameworks */,
				CE27CB541BF1861C00B22AB3 /* UIKit.framework in Frameworks */,
				BDD876A41B4B52AE009268C7 /* libOCMock.a in Frameworks */,
				BDF125921B45C12600DFBFEC /* libz.dylib in Frameworks */,
				BDF125931B45C12600DFBFEC /* libAWSCore.a in Frameworks */,
				BDF125941B45C12600DFBFEC /* libAWSDynamoDB.a in Frameworks */,
			);
			runOnlyForDeploymentPostprocessing = 0;
		};
		BDF559241AB374F00067F4F1 /* Frameworks */ = {
			isa = PBXFrameworksBuildPhase;
			buildActionMask = 2147483647;
			files = (
			);
			runOnlyForDeploymentPostprocessing = 0;
		};
		BDF5592F1AB374F00067F4F1 /* Frameworks */ = {
			isa = PBXFrameworksBuildPhase;
			buildActionMask = 2147483647;
			files = (
				CEB3806C1C1780C5008B520C /* Security.framework in Frameworks */,
				CEB380441C177FB6008B520C /* SystemConfiguration.framework in Frameworks */,
				CE27CB531BF1861700B22AB3 /* UIKit.framework in Frameworks */,
				CEE5325A1B03D374002CED62 /* libz.dylib in Frameworks */,
				BD00FF491AB8B6F8004496EF /* libAWSCore.a in Frameworks */,
				BDF559331AB374F00067F4F1 /* libAWSDynamoDB.a in Frameworks */,
			);
			runOnlyForDeploymentPostprocessing = 0;
		};
/* End PBXFrameworksBuildPhase section */

/* Begin PBXGroup section */
		A5F6D5DAB609D2CE34387FFD /* Frameworks */ = {
			isa = PBXGroup;
			children = (
				CEB3806B1C1780C5008B520C /* Security.framework */,
				CEB380221C177EF4008B520C /* SystemConfiguration.framework */,
				CE27CB521BF1861700B22AB3 /* UIKit.framework */,
				BDD876A31B4B52AE009268C7 /* libOCMock.a */,
				CEE532591B03D374002CED62 /* libz.dylib */,
				BD00FF481AB8B6F8004496EF /* libAWSCore.a */,
			);
			name = Frameworks;
			sourceTree = "<group>";
		};
		BDF5591E1AB374F00067F4F1 = {
			isa = PBXGroup;
			children = (
				BDF559291AB374F00067F4F1 /* AWSDynamoDB */,
				BDF559361AB374F00067F4F1 /* AWSDynamoDBTests */,
				BDF559281AB374F00067F4F1 /* Products */,
				A5F6D5DAB609D2CE34387FFD /* Frameworks */,
			);
			sourceTree = "<group>";
		};
		BDF559281AB374F00067F4F1 /* Products */ = {
			isa = PBXGroup;
			children = (
				BDF559271AB374F00067F4F1 /* libAWSDynamoDB.a */,
				BDF559321AB374F00067F4F1 /* AWSDynamoDBTests.xctest */,
				BDF1259A1B45C12600DFBFEC /* AWSDynamoDBUnitTests.xctest */,
			);
			name = Products;
			sourceTree = "<group>";
		};
		BDF559291AB374F00067F4F1 /* AWSDynamoDB */ = {
			isa = PBXGroup;
			children = (
				CE6552301BEC35F400DACBC2 /* module.modulemap */,
				BDF559431AB375260067F4F1 /* AWSDynamoDB.h */,
				BDF559451AB375260067F4F1 /* AWSDynamoDBModel.h */,
				BDF559461AB375260067F4F1 /* AWSDynamoDBModel.m */,
				BDF559471AB375260067F4F1 /* AWSDynamoDBObjectMapper.h */,
				BDF559481AB375260067F4F1 /* AWSDynamoDBObjectMapper.m */,
				CEE7DE6A1AC1E1500095C4B7 /* AWSDynamoDBService.h */,
				BDF559441AB375260067F4F1 /* AWSDynamoDBService.m */,
				BDB73D6D1B1D3E9B00717559 /* AWSDynamoDBResources.h */,
				BDB73D6E1B1D3E9B00717559 /* AWSDynamoDBResources.m */,
			);
			path = AWSDynamoDB;
			sourceTree = "<group>";
		};
		BDF559361AB374F00067F4F1 /* AWSDynamoDBTests */ = {
			isa = PBXGroup;
			children = (
				BD00FFFC1AB8C461004496EF /* AWSGeneralDynamoDBTests.m */,
				BD00FFFD1AB8C461004496EF /* AWSDynamoDBObjectMapperSwiftTests.swift */,
				BD00FFFE1AB8C461004496EF /* AWSDynamoDBObjectMapperTests.m */,
				BD00FFFF1AB8C461004496EF /* AWSDynamoDBTests.m */,
				BDF559371AB374F00067F4F1 /* Supporting Files */,
			);
			path = AWSDynamoDBTests;
			sourceTree = "<group>";
		};
		BDF559371AB374F00067F4F1 /* Supporting Files */ = {
			isa = PBXGroup;
			children = (
				BDB6EC2E1AB915B9004C4D80 /* AWSiOSSDKv2Tests-Bridging-Header.h */,
				BD0000411AB8C56E004496EF /* credentials.json */,
				BD0000621AB8E20C004496EF /* AWSTestUtility.h */,
				BD0000631AB8E20C004496EF /* AWSTestUtility.m */,
				BDF559381AB374F00067F4F1 /* Info.plist */,
			);
			name = "Supporting Files";
			sourceTree = "<group>";
		};
/* End PBXGroup section */

/* Begin PBXHeadersBuildPhase section */
		BDF559411AB375180067F4F1 /* Headers */ = {
			isa = PBXHeadersBuildPhase;
			buildActionMask = 2147483647;
			files = (
				BDB73D6F1B1D3E9B00717559 /* AWSDynamoDBResources.h in Headers */,
				CEE7DE6B1AC1E1500095C4B7 /* AWSDynamoDBService.h in Headers */,
				BDF5594F1AB375270067F4F1 /* AWSDynamoDBObjectMapper.h in Headers */,
				BDF5594B1AB375270067F4F1 /* AWSDynamoDB.h in Headers */,
				BDF5594D1AB375270067F4F1 /* AWSDynamoDBModel.h in Headers */,
			);
			runOnlyForDeploymentPostprocessing = 0;
		};
/* End PBXHeadersBuildPhase section */

/* Begin PBXNativeTarget section */
		BDF125881B45C12600DFBFEC /* AWSDynamoDBUnitTests */ = {
			isa = PBXNativeTarget;
			buildConfigurationList = BDF125971B45C12600DFBFEC /* Build configuration list for PBXNativeTarget "AWSDynamoDBUnitTests" */;
			buildPhases = (
				BDF1258B1B45C12600DFBFEC /* Sources */,
				BDF125911B45C12600DFBFEC /* Frameworks */,
				BDF125951B45C12600DFBFEC /* Resources */,
			);
			buildRules = (
			);
			dependencies = (
				BDF125891B45C12600DFBFEC /* PBXTargetDependency */,
			);
			name = AWSDynamoDBUnitTests;
			productName = DynamoDBTests;
			productReference = BDF1259A1B45C12600DFBFEC /* AWSDynamoDBUnitTests.xctest */;
			productType = "com.apple.product-type.bundle.unit-test";
		};
		BDF559261AB374F00067F4F1 /* AWSDynamoDB */ = {
			isa = PBXNativeTarget;
			buildConfigurationList = BDF5593B1AB374F00067F4F1 /* Build configuration list for PBXNativeTarget "AWSDynamoDB" */;
			buildPhases = (
				BDF559231AB374F00067F4F1 /* Sources */,
				BDF559241AB374F00067F4F1 /* Frameworks */,
				BDF559251AB374F00067F4F1 /* CopyFiles */,
				BDF559411AB375180067F4F1 /* Headers */,
				CE2EDE891BF3DDFF00B9F26B /* CopyFiles */,
			);
			buildRules = (
			);
			dependencies = (
			);
			name = AWSDynamoDB;
			productName = DynamoDB;
			productReference = BDF559271AB374F00067F4F1 /* libAWSDynamoDB.a */;
			productType = "com.apple.product-type.library.static";
		};
		BDF559311AB374F00067F4F1 /* AWSDynamoDBTests */ = {
			isa = PBXNativeTarget;
			buildConfigurationList = BDF5593E1AB374F00067F4F1 /* Build configuration list for PBXNativeTarget "AWSDynamoDBTests" */;
			buildPhases = (
				BDF5592E1AB374F00067F4F1 /* Sources */,
				BDF5592F1AB374F00067F4F1 /* Frameworks */,
				BDF559301AB374F00067F4F1 /* Resources */,
			);
			buildRules = (
			);
			dependencies = (
				BDF559351AB374F00067F4F1 /* PBXTargetDependency */,
			);
			name = AWSDynamoDBTests;
			productName = DynamoDBTests;
			productReference = BDF559321AB374F00067F4F1 /* AWSDynamoDBTests.xctest */;
			productType = "com.apple.product-type.bundle.unit-test";
		};
/* End PBXNativeTarget section */

/* Begin PBXProject section */
		BDF5591F1AB374F00067F4F1 /* Project object */ = {
			isa = PBXProject;
			attributes = {
				LastSwiftUpdateCheck = 0700;
				LastUpgradeCheck = 0720;
				ORGANIZATIONNAME = "Amazon Web Services";
				TargetAttributes = {
					BDF559261AB374F00067F4F1 = {
						CreatedOnToolsVersion = 6.2;
					};
					BDF559311AB374F00067F4F1 = {
						CreatedOnToolsVersion = 6.2;
					};
				};
			};
			buildConfigurationList = BDF559221AB374F00067F4F1 /* Build configuration list for PBXProject "AWSDynamoDB" */;
			compatibilityVersion = "Xcode 3.2";
			developmentRegion = English;
			hasScannedForEncodings = 0;
			knownRegions = (
				en,
			);
			mainGroup = BDF5591E1AB374F00067F4F1;
			productRefGroup = BDF559281AB374F00067F4F1 /* Products */;
			projectDirPath = "";
			projectRoot = "";
			targets = (
				BDF559261AB374F00067F4F1 /* AWSDynamoDB */,
				BDF559311AB374F00067F4F1 /* AWSDynamoDBTests */,
				BDF125881B45C12600DFBFEC /* AWSDynamoDBUnitTests */,
			);
		};
/* End PBXProject section */

/* Begin PBXResourcesBuildPhase section */
		BDF125951B45C12600DFBFEC /* Resources */ = {
			isa = PBXResourcesBuildPhase;
			buildActionMask = 2147483647;
			files = (
			);
			runOnlyForDeploymentPostprocessing = 0;
		};
		BDF559301AB374F00067F4F1 /* Resources */ = {
			isa = PBXResourcesBuildPhase;
			buildActionMask = 2147483647;
			files = (
				BD0000421AB8C56E004496EF /* credentials.json in Resources */,
			);
			runOnlyForDeploymentPostprocessing = 0;
		};
/* End PBXResourcesBuildPhase section */

/* Begin PBXSourcesBuildPhase section */
		BDF1258B1B45C12600DFBFEC /* Sources */ = {
			isa = PBXSourcesBuildPhase;
			buildActionMask = 2147483647;
			files = (
				BDF1258E1B45C12600DFBFEC /* AWSTestUtility.m in Sources */,
				BDF1258F1B45C12600DFBFEC /* AWSGeneralDynamoDBTests.m in Sources */,
			);
			runOnlyForDeploymentPostprocessing = 0;
		};
		BDF559231AB374F00067F4F1 /* Sources */ = {
			isa = PBXSourcesBuildPhase;
			buildActionMask = 2147483647;
			files = (
				BDF5594C1AB375270067F4F1 /* AWSDynamoDBService.m in Sources */,
				BDB73D701B1D3E9B00717559 /* AWSDynamoDBResources.m in Sources */,
				BDF559501AB375270067F4F1 /* AWSDynamoDBObjectMapper.m in Sources */,
				BDF5594E1AB375270067F4F1 /* AWSDynamoDBModel.m in Sources */,
			);
			runOnlyForDeploymentPostprocessing = 0;
		};
		BDF5592E1AB374F00067F4F1 /* Sources */ = {
			isa = PBXSourcesBuildPhase;
			buildActionMask = 2147483647;
			files = (
				BD0000021AB8C461004496EF /* AWSDynamoDBObjectMapperTests.m in Sources */,
				BD0000031AB8C461004496EF /* AWSDynamoDBTests.m in Sources */,
				BD0000641AB8E20C004496EF /* AWSTestUtility.m in Sources */,
				BD0000011AB8C461004496EF /* AWSDynamoDBObjectMapperSwiftTests.swift in Sources */,
			);
			runOnlyForDeploymentPostprocessing = 0;
		};
/* End PBXSourcesBuildPhase section */

/* Begin PBXTargetDependency section */
		BDF125891B45C12600DFBFEC /* PBXTargetDependency */ = {
			isa = PBXTargetDependency;
			target = BDF559261AB374F00067F4F1 /* AWSDynamoDB */;
			targetProxy = BDF1258A1B45C12600DFBFEC /* PBXContainerItemProxy */;
		};
		BDF559351AB374F00067F4F1 /* PBXTargetDependency */ = {
			isa = PBXTargetDependency;
			target = BDF559261AB374F00067F4F1 /* AWSDynamoDB */;
			targetProxy = BDF559341AB374F00067F4F1 /* PBXContainerItemProxy */;
		};
/* End PBXTargetDependency section */

/* Begin XCBuildConfiguration section */
		BDF125981B45C12600DFBFEC /* Debug */ = {
			isa = XCBuildConfiguration;
			buildSettings = {
				FRAMEWORK_SEARCH_PATHS = "$(inherited)";
				GCC_GENERATE_TEST_COVERAGE_FILES = YES;
				GCC_INSTRUMENT_PROGRAM_FLOW_ARCS = YES;
				GCC_PREPROCESSOR_DEFINITIONS = (
					"DEBUG=1",
					"$(inherited)",
				);
				INFOPLIST_FILE = AWSDynamoDBTests/Info.plist;
				LD_RUNPATH_SEARCH_PATHS = "$(inherited) @executable_path/Frameworks @loader_path/Frameworks";
				LIBRARY_SEARCH_PATHS = (
					"$(SYMROOT)",
					"$(PROJECT_DIR)/AWSCoreTests/OCMock",
				);
				OTHER_LDFLAGS = (
					"$(inherited)",
					"-framework",
					XCTest,
					"-force_load",
					"$(PROJECT_DIR)/AWSCoreTests/OCMock/libOCMock.a",
				);
				PRODUCT_BUNDLE_IDENTIFIER = "com.amazonaws.$(PRODUCT_NAME:rfc1034identifier)";
				PRODUCT_NAME = AWSDynamoDBUnitTests;
				SWIFT_OBJC_BRIDGING_HEADER = "$(SRCROOT)/AWSCoreTests/AWSiOSSDKv2Tests-Bridging-Header.h";
				USER_HEADER_SEARCH_PATHS = "$(PROJECT_DIR)/AWSCoreTests/OCMock";
			};
			name = Debug;
		};
		BDF125991B45C12600DFBFEC /* Release */ = {
			isa = XCBuildConfiguration;
			buildSettings = {
				FRAMEWORK_SEARCH_PATHS = "$(inherited)";
				GCC_GENERATE_TEST_COVERAGE_FILES = YES;
				GCC_INSTRUMENT_PROGRAM_FLOW_ARCS = YES;
				INFOPLIST_FILE = AWSDynamoDBTests/Info.plist;
				LD_RUNPATH_SEARCH_PATHS = "$(inherited) @executable_path/Frameworks @loader_path/Frameworks";
				LIBRARY_SEARCH_PATHS = (
					"$(SYMROOT)",
					"$(PROJECT_DIR)/AWSCoreTests/OCMock",
				);
				OTHER_LDFLAGS = (
					"$(inherited)",
					"-framework",
					XCTest,
					"-force_load",
					"$(PROJECT_DIR)/AWSCoreTests/OCMock/libOCMock.a",
				);
				PRODUCT_BUNDLE_IDENTIFIER = "com.amazonaws.$(PRODUCT_NAME:rfc1034identifier)";
				PRODUCT_NAME = AWSDynamoDBUnitTests;
				SWIFT_OBJC_BRIDGING_HEADER = "$(SRCROOT)/AWSCoreTests/AWSiOSSDKv2Tests-Bridging-Header.h";
				USER_HEADER_SEARCH_PATHS = "$(PROJECT_DIR)/AWSCoreTests/OCMock";
			};
			name = Release;
		};
		BDF559391AB374F00067F4F1 /* Debug */ = {
			isa = XCBuildConfiguration;
			buildSettings = {
				ALWAYS_SEARCH_USER_PATHS = YES;
				ARCHS = (
					"$(ARCHS_STANDARD)",
					armv7s,
				);
				CLANG_CXX_LANGUAGE_STANDARD = "gnu++0x";
				CLANG_CXX_LIBRARY = "libc++";
				CLANG_ENABLE_MODULES = NO;
				CLANG_ENABLE_MODULE_DEBUGGING = NO;
				CLANG_ENABLE_OBJC_ARC = YES;
				CLANG_WARN_BOOL_CONVERSION = YES;
				CLANG_WARN_CONSTANT_CONVERSION = YES;
				CLANG_WARN_DIRECT_OBJC_ISA_USAGE = YES_ERROR;
				CLANG_WARN_EMPTY_BODY = YES;
				CLANG_WARN_ENUM_CONVERSION = YES;
				CLANG_WARN_INT_CONVERSION = YES;
				CLANG_WARN_OBJC_ROOT_CLASS = YES_ERROR;
				CLANG_WARN_UNREACHABLE_CODE = YES;
				CLANG_WARN__DUPLICATE_METHOD_MATCH = YES;
				COPY_PHASE_STRIP = NO;
				ENABLE_STRICT_OBJC_MSGSEND = YES;
				ENABLE_TESTABILITY = YES;
				GCC_C_LANGUAGE_STANDARD = gnu99;
				GCC_DYNAMIC_NO_PIC = NO;
				GCC_OPTIMIZATION_LEVEL = 0;
				GCC_PREPROCESSOR_DEFINITIONS = (
					"DEBUG=1",
					"$(inherited)",
				);
				GCC_SYMBOLS_PRIVATE_EXTERN = NO;
				GCC_WARN_64_TO_32_BIT_CONVERSION = YES;
				GCC_WARN_ABOUT_RETURN_TYPE = YES_ERROR;
				GCC_WARN_UNDECLARED_SELECTOR = YES;
				GCC_WARN_UNINITIALIZED_AUTOS = YES_AGGRESSIVE;
				GCC_WARN_UNUSED_FUNCTION = YES;
				GCC_WARN_UNUSED_VARIABLE = YES;
				IPHONEOS_DEPLOYMENT_TARGET = 7.0;
				MTL_ENABLE_DEBUG_INFO = YES;
				ONLY_ACTIVE_ARCH = YES;
				SDKROOT = iphoneos;
				USER_HEADER_SEARCH_PATHS = "$(SRCROOT)/include/**";
			};
			name = Debug;
		};
		BDF5593A1AB374F00067F4F1 /* Release */ = {
			isa = XCBuildConfiguration;
			buildSettings = {
				ALWAYS_SEARCH_USER_PATHS = YES;
				ARCHS = (
					"$(ARCHS_STANDARD)",
					armv7s,
				);
				CLANG_CXX_LANGUAGE_STANDARD = "gnu++0x";
				CLANG_CXX_LIBRARY = "libc++";
				CLANG_ENABLE_MODULES = NO;
				CLANG_ENABLE_MODULE_DEBUGGING = NO;
				CLANG_ENABLE_OBJC_ARC = YES;
				CLANG_WARN_BOOL_CONVERSION = YES;
				CLANG_WARN_CONSTANT_CONVERSION = YES;
				CLANG_WARN_DIRECT_OBJC_ISA_USAGE = YES_ERROR;
				CLANG_WARN_EMPTY_BODY = YES;
				CLANG_WARN_ENUM_CONVERSION = YES;
				CLANG_WARN_INT_CONVERSION = YES;
				CLANG_WARN_OBJC_ROOT_CLASS = YES_ERROR;
				CLANG_WARN_UNREACHABLE_CODE = YES;
				CLANG_WARN__DUPLICATE_METHOD_MATCH = YES;
				COPY_PHASE_STRIP = NO;
				ENABLE_NS_ASSERTIONS = NO;
				ENABLE_STRICT_OBJC_MSGSEND = YES;
				GCC_C_LANGUAGE_STANDARD = gnu99;
				GCC_WARN_64_TO_32_BIT_CONVERSION = YES;
				GCC_WARN_ABOUT_RETURN_TYPE = YES_ERROR;
				GCC_WARN_UNDECLARED_SELECTOR = YES;
				GCC_WARN_UNINITIALIZED_AUTOS = YES_AGGRESSIVE;
				GCC_WARN_UNUSED_FUNCTION = YES;
				GCC_WARN_UNUSED_VARIABLE = YES;
				IPHONEOS_DEPLOYMENT_TARGET = 7.0;
				MTL_ENABLE_DEBUG_INFO = NO;
				SDKROOT = iphoneos;
				USER_HEADER_SEARCH_PATHS = "$(SRCROOT)/include/**";
				VALIDATE_PRODUCT = YES;
			};
			name = Release;
		};
		BDF5593C1AB374F00067F4F1 /* Debug */ = {
			isa = XCBuildConfiguration;
			buildSettings = {
				CLANG_ENABLE_MODULES = NO;
				CLANG_ENABLE_MODULE_DEBUGGING = NO;
				DEAD_CODE_STRIPPING = NO;
				DEFINES_MODULE = YES;
				HEADER_SEARCH_PATHS = (
					"$(inherited)",
					/Applications/Xcode.app/Contents/Developer/Toolchains/XcodeDefault.xctoolchain/usr/include,
					"${SRCROOT}/Pods/Headers/**",
				);
				MODULEMAP_FILE = "$(PRODUCT_NAME:c99extidentifier)/module.modulemap";
				OTHER_CFLAGS = "-fembed-bitcode";
				OTHER_LDFLAGS = "";
				PRODUCT_NAME = AWSDynamoDB;
				SKIP_INSTALL = YES;
				STRIP_STYLE = "non-global";
				USER_HEADER_SEARCH_PATHS = "$(SRCROOT)/include/**";
			};
			name = Debug;
		};
		BDF5593D1AB374F00067F4F1 /* Release */ = {
			isa = XCBuildConfiguration;
			buildSettings = {
				CLANG_ENABLE_MODULES = NO;
				CLANG_ENABLE_MODULE_DEBUGGING = NO;
				DEAD_CODE_STRIPPING = NO;
				DEFINES_MODULE = YES;
				HEADER_SEARCH_PATHS = (
					"$(inherited)",
					/Applications/Xcode.app/Contents/Developer/Toolchains/XcodeDefault.xctoolchain/usr/include,
					"${SRCROOT}/Pods/Headers/**",
				);
				MODULEMAP_FILE = "$(PRODUCT_NAME:c99extidentifier)/module.modulemap";
				OTHER_CFLAGS = "-fembed-bitcode";
				OTHER_LDFLAGS = "";
				PRODUCT_NAME = AWSDynamoDB;
				SKIP_INSTALL = YES;
				STRIP_STYLE = "non-global";
				USER_HEADER_SEARCH_PATHS = "$(SRCROOT)/include/**";
			};
			name = Release;
		};
		BDF5593F1AB374F00067F4F1 /* Debug */ = {
			isa = XCBuildConfiguration;
			buildSettings = {
				FRAMEWORK_SEARCH_PATHS = "$(inherited)";
				GCC_GENERATE_TEST_COVERAGE_FILES = YES;
				GCC_INSTRUMENT_PROGRAM_FLOW_ARCS = YES;
				GCC_PREPROCESSOR_DEFINITIONS = (
					"DEBUG=1",
					"$(inherited)",
				);
				INFOPLIST_FILE = AWSDynamoDBTests/Info.plist;
				LD_RUNPATH_SEARCH_PATHS = "$(inherited) @executable_path/Frameworks @loader_path/Frameworks";
				LIBRARY_SEARCH_PATHS = "$(SYMROOT)";
				PRODUCT_BUNDLE_IDENTIFIER = "com.amazonaws.$(PRODUCT_NAME:rfc1034identifier)";
				PRODUCT_NAME = AWSDynamoDBTests;
				SWIFT_OBJC_BRIDGING_HEADER = "$(SRCROOT)/AWSCoreTests/AWSiOSSDKv2Tests-Bridging-Header.h";
				USER_HEADER_SEARCH_PATHS = "";
			};
			name = Debug;
		};
		BDF559401AB374F00067F4F1 /* Release */ = {
			isa = XCBuildConfiguration;
			buildSettings = {
				FRAMEWORK_SEARCH_PATHS = "$(inherited)";
				GCC_GENERATE_TEST_COVERAGE_FILES = YES;
				GCC_INSTRUMENT_PROGRAM_FLOW_ARCS = YES;
				INFOPLIST_FILE = AWSDynamoDBTests/Info.plist;
				LD_RUNPATH_SEARCH_PATHS = "$(inherited) @executable_path/Frameworks @loader_path/Frameworks";
				LIBRARY_SEARCH_PATHS = "$(SYMROOT)";
				PRODUCT_BUNDLE_IDENTIFIER = "com.amazonaws.$(PRODUCT_NAME:rfc1034identifier)";
				PRODUCT_NAME = AWSDynamoDBTests;
				SWIFT_OBJC_BRIDGING_HEADER = "$(SRCROOT)/AWSCoreTests/AWSiOSSDKv2Tests-Bridging-Header.h";
				USER_HEADER_SEARCH_PATHS = "";
			};
			name = Release;
		};
/* End XCBuildConfiguration section */

/* Begin XCConfigurationList section */
		BDF125971B45C12600DFBFEC /* Build configuration list for PBXNativeTarget "AWSDynamoDBUnitTests" */ = {
			isa = XCConfigurationList;
			buildConfigurations = (
				BDF125981B45C12600DFBFEC /* Debug */,
				BDF125991B45C12600DFBFEC /* Release */,
			);
			defaultConfigurationIsVisible = 0;
			defaultConfigurationName = Release;
		};
		BDF559221AB374F00067F4F1 /* Build configuration list for PBXProject "AWSDynamoDB" */ = {
			isa = XCConfigurationList;
			buildConfigurations = (
				BDF559391AB374F00067F4F1 /* Debug */,
				BDF5593A1AB374F00067F4F1 /* Release */,
			);
			defaultConfigurationIsVisible = 0;
			defaultConfigurationName = Release;
		};
		BDF5593B1AB374F00067F4F1 /* Build configuration list for PBXNativeTarget "AWSDynamoDB" */ = {
			isa = XCConfigurationList;
			buildConfigurations = (
				BDF5593C1AB374F00067F4F1 /* Debug */,
				BDF5593D1AB374F00067F4F1 /* Release */,
			);
			defaultConfigurationIsVisible = 0;
			defaultConfigurationName = Release;
		};
		BDF5593E1AB374F00067F4F1 /* Build configuration list for PBXNativeTarget "AWSDynamoDBTests" */ = {
			isa = XCConfigurationList;
			buildConfigurations = (
				BDF5593F1AB374F00067F4F1 /* Debug */,
				BDF559401AB374F00067F4F1 /* Release */,
			);
			defaultConfigurationIsVisible = 0;
			defaultConfigurationName = Release;
		};
/* End XCConfigurationList section */
	};
	rootObject = BDF5591F1AB374F00067F4F1 /* Project object */;
}
