// !$*UTF8*$!
{
	archiveVersion = 1;
	classes = {
	};
	objectVersion = 46;
	objects = {

/* Begin PBXBuildFile section */
		BD0000401AB8C560004496EF /* credentials.json in Resources */ = {isa = PBXBuildFile; fileRef = BD00003F1AB8C560004496EF /* credentials.json */; };
		BD0000611AB8E1FD004496EF /* AWSTestUtility.m in Sources */ = {isa = PBXBuildFile; fileRef = BD0000601AB8E1FD004496EF /* AWSTestUtility.m */; };
		BD00FF471AB8B6F0004496EF /* libAWSCore.a in Frameworks */ = {isa = PBXBuildFile; fileRef = BD00FF461AB8B6F0004496EF /* libAWSCore.a */; };
		BD00FFFB1AB8C456004496EF /* AWSEC2Tests.m in Sources */ = {isa = PBXBuildFile; fileRef = BD00FFF91AB8C456004496EF /* AWSEC2Tests.m */; };
		BD9D97601AC1EE9700CEEE08 /* AWSEC2Service.h in CopyFiles */ = {isa = PBXBuildFile; fileRef = CEE7DE6C1AC1E1780095C4B7 /* AWSEC2Service.h */; };
		BDB73D731B1D3ECD00717559 /* AWSEC2Resources.h in Headers */ = {isa = PBXBuildFile; fileRef = BDB73D711B1D3ECD00717559 /* AWSEC2Resources.h */; };
		BDB73D741B1D3ECD00717559 /* AWSEC2Resources.m in Sources */ = {isa = PBXBuildFile; fileRef = BDB73D721B1D3ECD00717559 /* AWSEC2Resources.m */; };
		BDC91C541ABBA0DB00F74D49 /* AWSEC2.h in CopyFiles */ = {isa = PBXBuildFile; fileRef = BDF559761AB375AE0067F4F1 /* AWSEC2.h */; };
		BDC91C551ABBA0DB00F74D49 /* AWSEC2Model.h in CopyFiles */ = {isa = PBXBuildFile; fileRef = BDF559781AB375AE0067F4F1 /* AWSEC2Model.h */; };
		BDD876A61B4B52C1009268C7 /* libOCMock.a in Frameworks */ = {isa = PBXBuildFile; fileRef = BDD876A51B4B52C0009268C7 /* libOCMock.a */; };
		BDF125A11B45C17D00DFBFEC /* AWSTestUtility.m in Sources */ = {isa = PBXBuildFile; fileRef = BD0000601AB8E1FD004496EF /* AWSTestUtility.m */; };
		BDF125A21B45C17D00DFBFEC /* AWSGeneralEC2Tests.m in Sources */ = {isa = PBXBuildFile; fileRef = BD00FFF81AB8C456004496EF /* AWSGeneralEC2Tests.m */; };
		BDF125A41B45C17D00DFBFEC /* libz.dylib in Frameworks */ = {isa = PBXBuildFile; fileRef = CEE5326B1B03D3C4002CED62 /* libz.dylib */; };
		BDF125A51B45C17D00DFBFEC /* libAWSCore.a in Frameworks */ = {isa = PBXBuildFile; fileRef = BD00FF461AB8B6F0004496EF /* libAWSCore.a */; };
		BDF125A61B45C17D00DFBFEC /* libAWSEC2.a in Frameworks */ = {isa = PBXBuildFile; fileRef = BDF5595A1AB375800067F4F1 /* libAWSEC2.a */; };
		BDF559661AB375800067F4F1 /* libAWSEC2.a in Frameworks */ = {isa = PBXBuildFile; fileRef = BDF5595A1AB375800067F4F1 /* libAWSEC2.a */; };
		BDF5597C1AB375AE0067F4F1 /* AWSEC2.h in Headers */ = {isa = PBXBuildFile; fileRef = BDF559761AB375AE0067F4F1 /* AWSEC2.h */; settings = {ATTRIBUTES = (Public, ); }; };
		BDF5597D1AB375AE0067F4F1 /* AWSEC2Service.m in Sources */ = {isa = PBXBuildFile; fileRef = BDF559771AB375AE0067F4F1 /* AWSEC2Service.m */; };
		BDF5597E1AB375AE0067F4F1 /* AWSEC2Model.h in Headers */ = {isa = PBXBuildFile; fileRef = BDF559781AB375AE0067F4F1 /* AWSEC2Model.h */; settings = {ATTRIBUTES = (Public, ); }; };
		BDF5597F1AB375AE0067F4F1 /* AWSEC2Model.m in Sources */ = {isa = PBXBuildFile; fileRef = BDF559791AB375AE0067F4F1 /* AWSEC2Model.m */; };
		CEE5326C1B03D3C4002CED62 /* libz.dylib in Frameworks */ = {isa = PBXBuildFile; fileRef = CEE5326B1B03D3C4002CED62 /* libz.dylib */; };
		CEE7DE6D1AC1E1780095C4B7 /* AWSEC2Service.h in Headers */ = {isa = PBXBuildFile; fileRef = CEE7DE6C1AC1E1780095C4B7 /* AWSEC2Service.h */; settings = {ATTRIBUTES = (Public, ); }; };
/* End PBXBuildFile section */

/* Begin PBXContainerItemProxy section */
		BDF1259E1B45C17D00DFBFEC /* PBXContainerItemProxy */ = {
			isa = PBXContainerItemProxy;
			containerPortal = BDF559521AB375800067F4F1 /* Project object */;
			proxyType = 1;
			remoteGlobalIDString = BDF559591AB375800067F4F1;
			remoteInfo = EC2;
		};
		BDF559671AB375800067F4F1 /* PBXContainerItemProxy */ = {
			isa = PBXContainerItemProxy;
			containerPortal = BDF559521AB375800067F4F1 /* Project object */;
			proxyType = 1;
			remoteGlobalIDString = BDF559591AB375800067F4F1;
			remoteInfo = EC2;
		};
/* End PBXContainerItemProxy section */

/* Begin PBXCopyFilesBuildPhase section */
		BDF559581AB375800067F4F1 /* CopyFiles */ = {
			isa = PBXCopyFilesBuildPhase;
			buildActionMask = 2147483647;
			dstPath = "include/$(PRODUCT_NAME)";
			dstSubfolderSpec = 16;
			files = (
				BD9D97601AC1EE9700CEEE08 /* AWSEC2Service.h in CopyFiles */,
				BDC91C541ABBA0DB00F74D49 /* AWSEC2.h in CopyFiles */,
				BDC91C551ABBA0DB00F74D49 /* AWSEC2Model.h in CopyFiles */,
			);
			runOnlyForDeploymentPostprocessing = 0;
		};
/* End PBXCopyFilesBuildPhase section */

/* Begin PBXFileReference section */
		BD00003F1AB8C560004496EF /* credentials.json */ = {isa = PBXFileReference; fileEncoding = 4; lastKnownFileType = text.json; name = credentials.json; path = AWSCoreTests/credentials.json; sourceTree = SOURCE_ROOT; };
		BD00005F1AB8E1FD004496EF /* AWSTestUtility.h */ = {isa = PBXFileReference; fileEncoding = 4; lastKnownFileType = sourcecode.c.h; name = AWSTestUtility.h; path = AWSCoreTests/AWSTestUtility.h; sourceTree = SOURCE_ROOT; };
		BD0000601AB8E1FD004496EF /* AWSTestUtility.m */ = {isa = PBXFileReference; fileEncoding = 4; lastKnownFileType = sourcecode.c.objc; name = AWSTestUtility.m; path = AWSCoreTests/AWSTestUtility.m; sourceTree = SOURCE_ROOT; };
		BD00FF461AB8B6F0004496EF /* libAWSCore.a */ = {isa = PBXFileReference; lastKnownFileType = archive.ar; name = libAWSCore.a; path = "build/Debug-iphoneos/libAWSCore.a"; sourceTree = "<group>"; };
		BD00FFF81AB8C456004496EF /* AWSGeneralEC2Tests.m */ = {isa = PBXFileReference; fileEncoding = 4; lastKnownFileType = sourcecode.c.objc; name = AWSGeneralEC2Tests.m; path = ../AWSEC2Tests/AWSGeneralEC2Tests.m; sourceTree = "<group>"; };
		BD00FFF91AB8C456004496EF /* AWSEC2Tests.m */ = {isa = PBXFileReference; fileEncoding = 4; lastKnownFileType = sourcecode.c.objc; name = AWSEC2Tests.m; path = ../AWSEC2Tests/AWSEC2Tests.m; sourceTree = "<group>"; };
		BDB73D711B1D3ECD00717559 /* AWSEC2Resources.h */ = {isa = PBXFileReference; fileEncoding = 4; lastKnownFileType = sourcecode.c.h; path = AWSEC2Resources.h; sourceTree = "<group>"; };
		BDB73D721B1D3ECD00717559 /* AWSEC2Resources.m */ = {isa = PBXFileReference; fileEncoding = 4; lastKnownFileType = sourcecode.c.objc; path = AWSEC2Resources.m; sourceTree = "<group>"; };
		BDD876A51B4B52C0009268C7 /* libOCMock.a */ = {isa = PBXFileReference; lastKnownFileType = archive.ar; name = libOCMock.a; path = AWSCoreTests/OCMock/libOCMock.a; sourceTree = "<group>"; };
		BDF125AC1B45C17D00DFBFEC /* AWSEC2UnitTests.xctest */ = {isa = PBXFileReference; explicitFileType = wrapper.cfbundle; includeInIndex = 0; path = AWSEC2UnitTests.xctest; sourceTree = BUILT_PRODUCTS_DIR; };
		BDF5595A1AB375800067F4F1 /* libAWSEC2.a */ = {isa = PBXFileReference; explicitFileType = archive.ar; includeInIndex = 0; path = libAWSEC2.a; sourceTree = BUILT_PRODUCTS_DIR; };
		BDF559651AB375800067F4F1 /* AWSEC2Tests.xctest */ = {isa = PBXFileReference; explicitFileType = wrapper.cfbundle; includeInIndex = 0; path = AWSEC2Tests.xctest; sourceTree = BUILT_PRODUCTS_DIR; };
		BDF5596B1AB375800067F4F1 /* Info.plist */ = {isa = PBXFileReference; lastKnownFileType = text.plist.xml; name = Info.plist; path = ../AWSEC2Tests/Info.plist; sourceTree = "<group>"; };
		BDF559761AB375AE0067F4F1 /* AWSEC2.h */ = {isa = PBXFileReference; fileEncoding = 4; lastKnownFileType = sourcecode.c.h; name = AWSEC2.h; path = ../AWSEC2/AWSEC2.h; sourceTree = "<group>"; };
		BDF559771AB375AE0067F4F1 /* AWSEC2Service.m */ = {isa = PBXFileReference; fileEncoding = 4; lastKnownFileType = sourcecode.c.objc; name = AWSEC2Service.m; path = ../AWSEC2/AWSEC2Service.m; sourceTree = "<group>"; };
		BDF559781AB375AE0067F4F1 /* AWSEC2Model.h */ = {isa = PBXFileReference; fileEncoding = 4; lastKnownFileType = sourcecode.c.h; name = AWSEC2Model.h; path = ../AWSEC2/AWSEC2Model.h; sourceTree = "<group>"; };
		BDF559791AB375AE0067F4F1 /* AWSEC2Model.m */ = {isa = PBXFileReference; fileEncoding = 4; lastKnownFileType = sourcecode.c.objc; name = AWSEC2Model.m; path = ../AWSEC2/AWSEC2Model.m; sourceTree = "<group>"; };
		CEE5326B1B03D3C4002CED62 /* libz.dylib */ = {isa = PBXFileReference; lastKnownFileType = "compiled.mach-o.dylib"; name = libz.dylib; path = usr/lib/libz.dylib; sourceTree = SDKROOT; };
		CEE7DE6C1AC1E1780095C4B7 /* AWSEC2Service.h */ = {isa = PBXFileReference; fileEncoding = 4; lastKnownFileType = sourcecode.c.h; name = AWSEC2Service.h; path = ../AWSEC2/AWSEC2Service.h; sourceTree = "<group>"; };
/* End PBXFileReference section */

/* Begin PBXFrameworksBuildPhase section */
		BDF125A31B45C17D00DFBFEC /* Frameworks */ = {
			isa = PBXFrameworksBuildPhase;
			buildActionMask = 2147483647;
			files = (
				BDD876A61B4B52C1009268C7 /* libOCMock.a in Frameworks */,
				BDF125A41B45C17D00DFBFEC /* libz.dylib in Frameworks */,
				BDF125A51B45C17D00DFBFEC /* libAWSCore.a in Frameworks */,
				BDF125A61B45C17D00DFBFEC /* libAWSEC2.a in Frameworks */,
			);
			runOnlyForDeploymentPostprocessing = 0;
		};
		BDF559571AB375800067F4F1 /* Frameworks */ = {
			isa = PBXFrameworksBuildPhase;
			buildActionMask = 2147483647;
			files = (
			);
			runOnlyForDeploymentPostprocessing = 0;
		};
		BDF559621AB375800067F4F1 /* Frameworks */ = {
			isa = PBXFrameworksBuildPhase;
			buildActionMask = 2147483647;
			files = (
				CEE5326C1B03D3C4002CED62 /* libz.dylib in Frameworks */,
				BD00FF471AB8B6F0004496EF /* libAWSCore.a in Frameworks */,
				BDF559661AB375800067F4F1 /* libAWSEC2.a in Frameworks */,
			);
			runOnlyForDeploymentPostprocessing = 0;
		};
/* End PBXFrameworksBuildPhase section */

/* Begin PBXGroup section */
		44F883773B67388A29D3A410 /* Frameworks */ = {
			isa = PBXGroup;
			children = (
				BDD876A51B4B52C0009268C7 /* libOCMock.a */,
				CEE5326B1B03D3C4002CED62 /* libz.dylib */,
				BD00FF461AB8B6F0004496EF /* libAWSCore.a */,
			);
			name = Frameworks;
			sourceTree = "<group>";
		};
		BDF559511AB375800067F4F1 = {
			isa = PBXGroup;
			children = (
				BDF5595C1AB375800067F4F1 /* AWSEC2 */,
				BDF559691AB375800067F4F1 /* AWSEC2Tests */,
				BDF5595B1AB375800067F4F1 /* Products */,
				44F883773B67388A29D3A410 /* Frameworks */,
			);
			sourceTree = "<group>";
		};
		BDF5595B1AB375800067F4F1 /* Products */ = {
			isa = PBXGroup;
			children = (
				BDF5595A1AB375800067F4F1 /* libAWSEC2.a */,
				BDF559651AB375800067F4F1 /* AWSEC2Tests.xctest */,
				BDF125AC1B45C17D00DFBFEC /* AWSEC2UnitTests.xctest */,
			);
			name = Products;
			sourceTree = "<group>";
		};
		BDF5595C1AB375800067F4F1 /* AWSEC2 */ = {
			isa = PBXGroup;
			children = (
				BDF559761AB375AE0067F4F1 /* AWSEC2.h */,
				BDF559781AB375AE0067F4F1 /* AWSEC2Model.h */,
				BDF559791AB375AE0067F4F1 /* AWSEC2Model.m */,
				CEE7DE6C1AC1E1780095C4B7 /* AWSEC2Service.h */,
				BDF559771AB375AE0067F4F1 /* AWSEC2Service.m */,
				BDB73D711B1D3ECD00717559 /* AWSEC2Resources.h */,
				BDB73D721B1D3ECD00717559 /* AWSEC2Resources.m */,
			);
			path = AWSEC2;
			sourceTree = "<group>";
		};
		BDF559691AB375800067F4F1 /* AWSEC2Tests */ = {
			isa = PBXGroup;
			children = (
				BD00FFF81AB8C456004496EF /* AWSGeneralEC2Tests.m */,
				BD00FFF91AB8C456004496EF /* AWSEC2Tests.m */,
				BDF5596A1AB375800067F4F1 /* Supporting Files */,
			);
			path = AWSEC2Tests;
			sourceTree = "<group>";
		};
		BDF5596A1AB375800067F4F1 /* Supporting Files */ = {
			isa = PBXGroup;
			children = (
				BD00003F1AB8C560004496EF /* credentials.json */,
				BD00005F1AB8E1FD004496EF /* AWSTestUtility.h */,
				BD0000601AB8E1FD004496EF /* AWSTestUtility.m */,
				BDF5596B1AB375800067F4F1 /* Info.plist */,
			);
			name = "Supporting Files";
			sourceTree = "<group>";
		};
/* End PBXGroup section */

/* Begin PBXHeadersBuildPhase section */
		BDF559741AB375A20067F4F1 /* Headers */ = {
			isa = PBXHeadersBuildPhase;
			buildActionMask = 2147483647;
			files = (
				BDF5597E1AB375AE0067F4F1 /* AWSEC2Model.h in Headers */,
				BDF5597C1AB375AE0067F4F1 /* AWSEC2.h in Headers */,
				CEE7DE6D1AC1E1780095C4B7 /* AWSEC2Service.h in Headers */,
				BDB73D731B1D3ECD00717559 /* AWSEC2Resources.h in Headers */,
			);
			runOnlyForDeploymentPostprocessing = 0;
		};
/* End PBXHeadersBuildPhase section */

/* Begin PBXNativeTarget section */
		BDF1259C1B45C17D00DFBFEC /* AWSEC2UnitTests */ = {
			isa = PBXNativeTarget;
			buildConfigurationList = BDF125A91B45C17D00DFBFEC /* Build configuration list for PBXNativeTarget "AWSEC2UnitTests" */;
			buildPhases = (
				BDF1259F1B45C17D00DFBFEC /* Sources */,
				BDF125A31B45C17D00DFBFEC /* Frameworks */,
				BDF125A71B45C17D00DFBFEC /* Resources */,
			);
			buildRules = (
			);
			dependencies = (
				BDF1259D1B45C17D00DFBFEC /* PBXTargetDependency */,
			);
			name = AWSEC2UnitTests;
			productName = EC2Tests;
			productReference = BDF125AC1B45C17D00DFBFEC /* AWSEC2UnitTests.xctest */;
			productType = "com.apple.product-type.bundle.unit-test";
		};
		BDF559591AB375800067F4F1 /* AWSEC2 */ = {
			isa = PBXNativeTarget;
			buildConfigurationList = BDF5596E1AB375800067F4F1 /* Build configuration list for PBXNativeTarget "AWSEC2" */;
			buildPhases = (
				BDF559561AB375800067F4F1 /* Sources */,
				BDF559571AB375800067F4F1 /* Frameworks */,
				BDF559581AB375800067F4F1 /* CopyFiles */,
				BDF559741AB375A20067F4F1 /* Headers */,
			);
			buildRules = (
			);
			dependencies = (
			);
			name = AWSEC2;
			productName = EC2;
			productReference = BDF5595A1AB375800067F4F1 /* libAWSEC2.a */;
			productType = "com.apple.product-type.library.static";
		};
		BDF559641AB375800067F4F1 /* AWSEC2Tests */ = {
			isa = PBXNativeTarget;
			buildConfigurationList = BDF559711AB375800067F4F1 /* Build configuration list for PBXNativeTarget "AWSEC2Tests" */;
			buildPhases = (
				BDF559611AB375800067F4F1 /* Sources */,
				BDF559621AB375800067F4F1 /* Frameworks */,
				BDF559631AB375800067F4F1 /* Resources */,
			);
			buildRules = (
			);
			dependencies = (
				BDF559681AB375800067F4F1 /* PBXTargetDependency */,
			);
			name = AWSEC2Tests;
			productName = EC2Tests;
			productReference = BDF559651AB375800067F4F1 /* AWSEC2Tests.xctest */;
			productType = "com.apple.product-type.bundle.unit-test";
		};
/* End PBXNativeTarget section */

/* Begin PBXProject section */
		BDF559521AB375800067F4F1 /* Project object */ = {
			isa = PBXProject;
			attributes = {
				LastUpgradeCheck = 0620;
				ORGANIZATIONNAME = "Amazon Web Services";
				TargetAttributes = {
					BDF559591AB375800067F4F1 = {
						CreatedOnToolsVersion = 6.2;
					};
					BDF559641AB375800067F4F1 = {
						CreatedOnToolsVersion = 6.2;
					};
				};
			};
			buildConfigurationList = BDF559551AB375800067F4F1 /* Build configuration list for PBXProject "AWSEC2" */;
			compatibilityVersion = "Xcode 3.2";
			developmentRegion = English;
			hasScannedForEncodings = 0;
			knownRegions = (
				en,
			);
			mainGroup = BDF559511AB375800067F4F1;
			productRefGroup = BDF5595B1AB375800067F4F1 /* Products */;
			projectDirPath = "";
			projectRoot = "";
			targets = (
				BDF559591AB375800067F4F1 /* AWSEC2 */,
				BDF559641AB375800067F4F1 /* AWSEC2Tests */,
				BDF1259C1B45C17D00DFBFEC /* AWSEC2UnitTests */,
			);
		};
/* End PBXProject section */

/* Begin PBXResourcesBuildPhase section */
		BDF125A71B45C17D00DFBFEC /* Resources */ = {
			isa = PBXResourcesBuildPhase;
			buildActionMask = 2147483647;
			files = (
			);
			runOnlyForDeploymentPostprocessing = 0;
		};
		BDF559631AB375800067F4F1 /* Resources */ = {
			isa = PBXResourcesBuildPhase;
			buildActionMask = 2147483647;
			files = (
				BD0000401AB8C560004496EF /* credentials.json in Resources */,
			);
			runOnlyForDeploymentPostprocessing = 0;
		};
/* End PBXResourcesBuildPhase section */

/* Begin PBXSourcesBuildPhase section */
		BDF1259F1B45C17D00DFBFEC /* Sources */ = {
			isa = PBXSourcesBuildPhase;
			buildActionMask = 2147483647;
			files = (
				BDF125A11B45C17D00DFBFEC /* AWSTestUtility.m in Sources */,
				BDF125A21B45C17D00DFBFEC /* AWSGeneralEC2Tests.m in Sources */,
			);
			runOnlyForDeploymentPostprocessing = 0;
		};
		BDF559561AB375800067F4F1 /* Sources */ = {
			isa = PBXSourcesBuildPhase;
			buildActionMask = 2147483647;
			files = (
				BDF5597F1AB375AE0067F4F1 /* AWSEC2Model.m in Sources */,
				BDB73D741B1D3ECD00717559 /* AWSEC2Resources.m in Sources */,
				BDF5597D1AB375AE0067F4F1 /* AWSEC2Service.m in Sources */,
			);
			runOnlyForDeploymentPostprocessing = 0;
		};
		BDF559611AB375800067F4F1 /* Sources */ = {
			isa = PBXSourcesBuildPhase;
			buildActionMask = 2147483647;
			files = (
				BD00FFFB1AB8C456004496EF /* AWSEC2Tests.m in Sources */,
				BD0000611AB8E1FD004496EF /* AWSTestUtility.m in Sources */,
			);
			runOnlyForDeploymentPostprocessing = 0;
		};
/* End PBXSourcesBuildPhase section */

/* Begin PBXTargetDependency section */
		BDF1259D1B45C17D00DFBFEC /* PBXTargetDependency */ = {
			isa = PBXTargetDependency;
			target = BDF559591AB375800067F4F1 /* AWSEC2 */;
			targetProxy = BDF1259E1B45C17D00DFBFEC /* PBXContainerItemProxy */;
		};
		BDF559681AB375800067F4F1 /* PBXTargetDependency */ = {
			isa = PBXTargetDependency;
			target = BDF559591AB375800067F4F1 /* AWSEC2 */;
			targetProxy = BDF559671AB375800067F4F1 /* PBXContainerItemProxy */;
		};
/* End PBXTargetDependency section */

/* Begin XCBuildConfiguration section */
		BDF125AA1B45C17D00DFBFEC /* Debug */ = {
			isa = XCBuildConfiguration;
			buildSettings = {
				FRAMEWORK_SEARCH_PATHS = (
					"$(SDKROOT)/Developer/Library/Frameworks",
					"$(inherited)",
				);
				GCC_GENERATE_TEST_COVERAGE_FILES = YES;
				GCC_INSTRUMENT_PROGRAM_FLOW_ARCS = YES;
				GCC_PREPROCESSOR_DEFINITIONS = (
					"DEBUG=1",
					"$(inherited)",
				);
				INFOPLIST_FILE = AWSEC2Tests/Info.plist;
				LD_RUNPATH_SEARCH_PATHS = "$(inherited) @executable_path/Frameworks @loader_path/Frameworks";
				LIBRARY_SEARCH_PATHS = (
					"$(SYMROOT)",
					"$(PROJECT_DIR)/AWSCoreTests/OCMock",
				);
				OTHER_LDFLAGS = (
					"$(inherited)",
					"-framework",
					XCTest,
					"-force_load",
					"$(PROJECT_DIR)/AWSCoreTests/OCMock/libOCMock.a",
				);
				PRODUCT_NAME = AWSEC2UnitTests;
				USER_HEADER_SEARCH_PATHS = "$(SRCROOT)/include/** $(PROJECT_DIR)/AWSCoreTests/OCMock";
			};
			name = Debug;
		};
		BDF125AB1B45C17D00DFBFEC /* Release */ = {
			isa = XCBuildConfiguration;
			buildSettings = {
				FRAMEWORK_SEARCH_PATHS = (
					"$(SDKROOT)/Developer/Library/Frameworks",
					"$(inherited)",
				);
				GCC_GENERATE_TEST_COVERAGE_FILES = YES;
				GCC_INSTRUMENT_PROGRAM_FLOW_ARCS = YES;
				INFOPLIST_FILE = AWSEC2Tests/Info.plist;
				LD_RUNPATH_SEARCH_PATHS = "$(inherited) @executable_path/Frameworks @loader_path/Frameworks";
				LIBRARY_SEARCH_PATHS = (
					"$(SYMROOT)",
					"$(PROJECT_DIR)/AWSCoreTests/OCMock",
				);
				OTHER_LDFLAGS = (
					"$(inherited)",
					"-framework",
					XCTest,
					"-force_load",
					"$(PROJECT_DIR)/AWSCoreTests/OCMock/libOCMock.a",
				);
				PRODUCT_NAME = AWSEC2UnitTests;
				USER_HEADER_SEARCH_PATHS = "$(SRCROOT)/include/** $(PROJECT_DIR)/AWSCoreTests/OCMock";
			};
			name = Release;
		};
		BDF5596C1AB375800067F4F1 /* Debug */ = {
			isa = XCBuildConfiguration;
			buildSettings = {
				ALWAYS_SEARCH_USER_PATHS = YES;
				ARCHS = (
					"$(ARCHS_STANDARD)",
					armv7s,
				);
				CLANG_CXX_LANGUAGE_STANDARD = "gnu++0x";
				CLANG_CXX_LIBRARY = "libc++";
				CLANG_ENABLE_MODULES = YES;
				CLANG_ENABLE_OBJC_ARC = YES;
				CLANG_WARN_BOOL_CONVERSION = YES;
				CLANG_WARN_CONSTANT_CONVERSION = YES;
				CLANG_WARN_DIRECT_OBJC_ISA_USAGE = YES_ERROR;
				CLANG_WARN_EMPTY_BODY = YES;
				CLANG_WARN_ENUM_CONVERSION = YES;
				CLANG_WARN_INT_CONVERSION = YES;
				CLANG_WARN_OBJC_ROOT_CLASS = YES_ERROR;
				CLANG_WARN_UNREACHABLE_CODE = YES;
				CLANG_WARN__DUPLICATE_METHOD_MATCH = YES;
				COPY_PHASE_STRIP = NO;
				ENABLE_STRICT_OBJC_MSGSEND = YES;
				GCC_C_LANGUAGE_STANDARD = gnu99;
				GCC_DYNAMIC_NO_PIC = NO;
				GCC_OPTIMIZATION_LEVEL = 0;
				GCC_PREPROCESSOR_DEFINITIONS = (
					"DEBUG=1",
					"$(inherited)",
				);
				GCC_SYMBOLS_PRIVATE_EXTERN = NO;
				GCC_WARN_64_TO_32_BIT_CONVERSION = YES;
				GCC_WARN_ABOUT_RETURN_TYPE = YES_ERROR;
				GCC_WARN_UNDECLARED_SELECTOR = YES;
				GCC_WARN_UNINITIALIZED_AUTOS = YES_AGGRESSIVE;
				GCC_WARN_UNUSED_FUNCTION = YES;
				GCC_WARN_UNUSED_VARIABLE = YES;
				IPHONEOS_DEPLOYMENT_TARGET = 7.0;
				MTL_ENABLE_DEBUG_INFO = YES;
				ONLY_ACTIVE_ARCH = YES;
				SDKROOT = iphoneos;
				USER_HEADER_SEARCH_PATHS = "$(SRCROOT)/include/**";
			};
			name = Debug;
		};
		BDF5596D1AB375800067F4F1 /* Release */ = {
			isa = XCBuildConfiguration;
			buildSettings = {
				ALWAYS_SEARCH_USER_PATHS = YES;
				ARCHS = (
					"$(ARCHS_STANDARD)",
					armv7s,
				);
				CLANG_CXX_LANGUAGE_STANDARD = "gnu++0x";
				CLANG_CXX_LIBRARY = "libc++";
				CLANG_ENABLE_MODULES = YES;
				CLANG_ENABLE_OBJC_ARC = YES;
				CLANG_WARN_BOOL_CONVERSION = YES;
				CLANG_WARN_CONSTANT_CONVERSION = YES;
				CLANG_WARN_DIRECT_OBJC_ISA_USAGE = YES_ERROR;
				CLANG_WARN_EMPTY_BODY = YES;
				CLANG_WARN_ENUM_CONVERSION = YES;
				CLANG_WARN_INT_CONVERSION = YES;
				CLANG_WARN_OBJC_ROOT_CLASS = YES_ERROR;
				CLANG_WARN_UNREACHABLE_CODE = YES;
				CLANG_WARN__DUPLICATE_METHOD_MATCH = YES;
				COPY_PHASE_STRIP = NO;
				ENABLE_NS_ASSERTIONS = NO;
				ENABLE_STRICT_OBJC_MSGSEND = YES;
				GCC_C_LANGUAGE_STANDARD = gnu99;
				GCC_WARN_64_TO_32_BIT_CONVERSION = YES;
				GCC_WARN_ABOUT_RETURN_TYPE = YES_ERROR;
				GCC_WARN_UNDECLARED_SELECTOR = YES;
				GCC_WARN_UNINITIALIZED_AUTOS = YES_AGGRESSIVE;
				GCC_WARN_UNUSED_FUNCTION = YES;
				GCC_WARN_UNUSED_VARIABLE = YES;
				IPHONEOS_DEPLOYMENT_TARGET = 7.0;
				MTL_ENABLE_DEBUG_INFO = NO;
				SDKROOT = iphoneos;
				USER_HEADER_SEARCH_PATHS = "$(SRCROOT)/include/**";
				VALIDATE_PRODUCT = YES;
			};
			name = Release;
		};
		BDF5596F1AB375800067F4F1 /* Debug */ = {
			isa = XCBuildConfiguration;
			buildSettings = {
				HEADER_SEARCH_PATHS = (
					"$(inherited)",
					/Applications/Xcode.app/Contents/Developer/Toolchains/XcodeDefault.xctoolchain/usr/include,
					"${SRCROOT}/Pods/Headers/**",
				);
				OTHER_LDFLAGS = "";
				PRODUCT_NAME = AWSEC2;
				SKIP_INSTALL = YES;
			};
			name = Debug;
		};
		BDF559701AB375800067F4F1 /* Release */ = {
			isa = XCBuildConfiguration;
			buildSettings = {
				HEADER_SEARCH_PATHS = (
					"$(inherited)",
					/Applications/Xcode.app/Contents/Developer/Toolchains/XcodeDefault.xctoolchain/usr/include,
					"${SRCROOT}/Pods/Headers/**",
				);
				OTHER_LDFLAGS = "";
				PRODUCT_NAME = AWSEC2;
				SKIP_INSTALL = YES;
			};
			name = Release;
		};
		BDF559721AB375800067F4F1 /* Debug */ = {
			isa = XCBuildConfiguration;
			buildSettings = {
				FRAMEWORK_SEARCH_PATHS = (
					"$(SDKROOT)/Developer/Library/Frameworks",
					"$(inherited)",
				);
				GCC_GENERATE_TEST_COVERAGE_FILES = YES;
				GCC_INSTRUMENT_PROGRAM_FLOW_ARCS = YES;
				GCC_PREPROCESSOR_DEFINITIONS = (
					"DEBUG=1",
					"$(inherited)",
				);
				INFOPLIST_FILE = AWSEC2Tests/Info.plist;
				LD_RUNPATH_SEARCH_PATHS = "$(inherited) @executable_path/Frameworks @loader_path/Frameworks";
				LIBRARY_SEARCH_PATHS = "$(SYMROOT)";
				PRODUCT_NAME = AWSEC2Tests;
			};
			name = Debug;
		};
		BDF559731AB375800067F4F1 /* Release */ = {
			isa = XCBuildConfiguration;
			buildSettings = {
				FRAMEWORK_SEARCH_PATHS = (
					"$(SDKROOT)/Developer/Library/Frameworks",
					"$(inherited)",
				);
				GCC_GENERATE_TEST_COVERAGE_FILES = YES;
				GCC_INSTRUMENT_PROGRAM_FLOW_ARCS = YES;
				INFOPLIST_FILE = AWSEC2Tests/Info.plist;
				LD_RUNPATH_SEARCH_PATHS = "$(inherited) @executable_path/Frameworks @loader_path/Frameworks";
				LIBRARY_SEARCH_PATHS = "$(SYMROOT)";
				PRODUCT_NAME = AWSEC2Tests;
			};
			name = Release;
		};
/* End XCBuildConfiguration section */

/* Begin XCConfigurationList section */
		BDF125A91B45C17D00DFBFEC /* Build configuration list for PBXNativeTarget "AWSEC2UnitTests" */ = {
			isa = XCConfigurationList;
			buildConfigurations = (
				BDF125AA1B45C17D00DFBFEC /* Debug */,
				BDF125AB1B45C17D00DFBFEC /* Release */,
			);
			defaultConfigurationIsVisible = 0;
			defaultConfigurationName = Release;
		};
		BDF559551AB375800067F4F1 /* Build configuration list for PBXProject "AWSEC2" */ = {
			isa = XCConfigurationList;
			buildConfigurations = (
				BDF5596C1AB375800067F4F1 /* Debug */,
				BDF5596D1AB375800067F4F1 /* Release */,
			);
			defaultConfigurationIsVisible = 0;
			defaultConfigurationName = Release;
		};
		BDF5596E1AB375800067F4F1 /* Build configuration list for PBXNativeTarget "AWSEC2" */ = {
			isa = XCConfigurationList;
			buildConfigurations = (
				BDF5596F1AB375800067F4F1 /* Debug */,
				BDF559701AB375800067F4F1 /* Release */,
			);
			defaultConfigurationIsVisible = 0;
			defaultConfigurationName = Release;
		};
		BDF559711AB375800067F4F1 /* Build configuration list for PBXNativeTarget "AWSEC2Tests" */ = {
			isa = XCConfigurationList;
			buildConfigurations = (
				BDF559721AB375800067F4F1 /* Debug */,
				BDF559731AB375800067F4F1 /* Release */,
			);
			defaultConfigurationIsVisible = 0;
			defaultConfigurationName = Release;
		};
/* End XCConfigurationList section */
	};
	rootObject = BDF559521AB375800067F4F1 /* Project object */;
}
