<?xml version="1.0" encoding="UTF-8"?>
<Scheme
   LastUpgradeVersion = "0720"
   version = "1.3">
   <BuildAction
      parallelizeBuildables = "YES"
      buildImplicitDependencies = "YES">
      <BuildActionEntries>
         <BuildActionEntry
            buildForTesting = "YES"
            buildForRunning = "YES"
            buildForProfiling = "YES"
            buildForArchiving = "YES"
            buildForAnalyzing = "YES">
            <BuildableReference
               BuildableIdentifier = "primary"
               BlueprintIdentifier = "BDF557511AB371480067F4F1"
               BuildableName = "libAWSCore.a"
               BlueprintName = "AWSCore"
               ReferencedContainer = "container:AWSCore.xcodeproj">
            </BuildableReference>
         </BuildActionEntry>
         <BuildActionEntry
            buildForTesting = "YES"
            buildForRunning = "NO"
            buildForProfiling = "NO"
            buildForArchiving = "NO"
            buildForAnalyzing = "YES">
            <BuildableReference
               BuildableIdentifier = "primary"
               BlueprintIdentifier = "BDF5575C1AB371490067F4F1"
               BuildableName = "AWSCoreTests.xctest"
               BlueprintName = "AWSCoreTests"
               ReferencedContainer = "container:AWSCore.xcodeproj">
            </BuildableReference>
         </BuildActionEntry>
         <BuildActionEntry
            buildForTesting = "YES"
            buildForRunning = "NO"
            buildForProfiling = "NO"
            buildForArchiving = "NO"
            buildForAnalyzing = "NO">
            <BuildableReference
               BuildableIdentifier = "primary"
               BlueprintIdentifier = "BDB6EB811AB90E27004C4D80"
               BuildableName = "AWSiOSSDKAnalyticsTests.xctest"
               BlueprintName = "AWSiOSSDKAnalyticsTests"
               ReferencedContainer = "container:AWSCore.xcodeproj">
            </BuildableReference>
         </BuildActionEntry>
         <BuildActionEntry
            buildForTesting = "YES"
            buildForRunning = "NO"
            buildForProfiling = "NO"
            buildForArchiving = "NO"
            buildForAnalyzing = "YES">
            <BuildableReference
               BuildableIdentifier = "primary"
               BlueprintIdentifier = "BDF1266A1B45C37D00DFBFEC"
               BuildableName = "AWSCoreUnitTests.xctest"
               BlueprintName = "AWSCoreUnitTests"
               ReferencedContainer = "container:AWSCore.xcodeproj">
            </BuildableReference>
         </BuildActionEntry>
      </BuildActionEntries>
   </BuildAction>
   <TestAction
      buildConfiguration = "Debug"
      selectedDebuggerIdentifier = "Xcode.DebuggerFoundation.Debugger.LLDB"
      selectedLauncherIdentifier = "Xcode.DebuggerFoundation.Launcher.LLDB"
      shouldUseLaunchSchemeArgsEnv = "YES">
      <Testables>
         <TestableReference
            skipped = "NO">
            <BuildableReference
               BuildableIdentifier = "primary"
               BlueprintIdentifier = "BDF5575C1AB371490067F4F1"
               BuildableName = "AWSCoreTests.xctest"
               BlueprintName = "AWSCoreTests"
               ReferencedContainer = "container:AWSCore.xcodeproj">
            </BuildableReference>
         </TestableReference>
         <TestableReference
            skipped = "NO">
            <BuildableReference
               BuildableIdentifier = "primary"
               BlueprintIdentifier = "BDB6EB811AB90E27004C4D80"
               BuildableName = "AWSiOSSDKAnalyticsTests.xctest"
               BlueprintName = "AWSiOSSDKAnalyticsTests"
               ReferencedContainer = "container:AWSCore.xcodeproj">
            </BuildableReference>
         </TestableReference>
         <TestableReference
            skipped = "NO">
            <BuildableReference
               BuildableIdentifier = "primary"
               BlueprintIdentifier = "BDF559641AB375800067F4F1"
               BuildableName = "AWSEC2Tests.xctest"
               BlueprintName = "AWSEC2Tests"
               ReferencedContainer = "container:AWSEC2.xcodeproj">
            </BuildableReference>
         </TestableReference>
         <TestableReference
            skipped = "NO">
            <BuildableReference
               BuildableIdentifier = "primary"
               BlueprintIdentifier = "BDF125881B45C12600DFBFEC"
               BuildableName = "AWSDynamoDBUnitTests.xctest"
               BlueprintName = "AWSDynamoDBUnitTests"
               ReferencedContainer = "container:AWSDynamoDB.xcodeproj">
            </BuildableReference>
         </TestableReference>
         <TestableReference
            skipped = "NO">
            <BuildableReference
               BuildableIdentifier = "primary"
               BlueprintIdentifier = "BDF559C31AB376720067F4F1"
               BuildableName = "AWSKinesisTests.xctest"
               BlueprintName = "AWSKinesisTests"
               ReferencedContainer = "container:AWSKinesis.xcodeproj">
            </BuildableReference>
         </TestableReference>
         <TestableReference
            skipped = "NO">
            <BuildableReference
               BuildableIdentifier = "primary"
               BlueprintIdentifier = "BDF126331B45C31C00DFBFEC"
               BuildableName = "AWSSimpleDBUnitTests.xctest"
               BlueprintName = "AWSSimpleDBUnitTests"
               ReferencedContainer = "container:AWSSimpleDB.xcodeproj">
            </BuildableReference>
         </TestableReference>
         <TestableReference
            skipped = "NO">
            <BuildableReference
               BuildableIdentifier = "primary"
               BlueprintIdentifier = "BDF559931AB375EC0067F4F1"
               BuildableName = "AWSElasticLoadBalancingTests.xctest"
               BlueprintName = "AWSElasticLoadBalancingTests"
               ReferencedContainer = "container:AWSElasticLoadBalancing.xcodeproj">
            </BuildableReference>
         </TestableReference>
         <TestableReference
            skipped = "NO">
            <BuildableReference
               BuildableIdentifier = "primary"
               BlueprintIdentifier = "BDB5DF261AB37A7A002DD224"
               BuildableName = "AWSAutoScalingTests.xctest"
               BlueprintName = "AWSAutoScalingTests"
               ReferencedContainer = "container:AWSAutoScaling.xcodeproj">
            </BuildableReference>
         </TestableReference>
         <TestableReference
            skipped = "NO">
            <BuildableReference
               BuildableIdentifier = "primary"
               BlueprintIdentifier = "BDF126211B45C2E400DFBFEC"
               BuildableName = "AWSSESUnitTests.xctest"
               BlueprintName = "AWSSESUnitTests"
               ReferencedContainer = "container:AWSSES.xcodeproj">
            </BuildableReference>
         </TestableReference>
         <TestableReference
            skipped = "NO">
            <BuildableReference
               BuildableIdentifier = "primary"
               BlueprintIdentifier = "BDF126451B45C34100DFBFEC"
               BuildableName = "AWSSNSUnitTests.xctest"
               BlueprintName = "AWSSNSUnitTests"
               ReferencedContainer = "container:AWSSNS.xcodeproj">
            </BuildableReference>
         </TestableReference>
         <TestableReference
            skipped = "NO">
            <BuildableReference
               BuildableIdentifier = "primary"
               BlueprintIdentifier = "BDF125AE1B45C1A900DFBFEC"
               BuildableName = "AWSElasticLoadBalancingUnitTests.xctest"
               BlueprintName = "AWSElasticLoadBalancingUnitTests"
               ReferencedContainer = "container:AWSElasticLoadBalancing.xcodeproj">
            </BuildableReference>
         </TestableReference>
         <TestableReference
            skipped = "NO">
            <BuildableReference
               BuildableIdentifier = "primary"
               BlueprintIdentifier = "BDF559311AB374F00067F4F1"
               BuildableName = "AWSDynamoDBTests.xctest"
               BlueprintName = "AWSDynamoDBTests"
               ReferencedContainer = "container:AWSDynamoDB.xcodeproj">
            </BuildableReference>
         </TestableReference>
         <TestableReference
            skipped = "NO">
            <BuildableReference
               BuildableIdentifier = "primary"
               BlueprintIdentifier = "BDF1260D1B45C2C100DFBFEC"
               BuildableName = "AWSS3UnitTests.xctest"
               BlueprintName = "AWSS3UnitTests"
               ReferencedContainer = "container:AWSS3.xcodeproj">
            </BuildableReference>
         </TestableReference>
         <TestableReference
            skipped = "NO">
            <BuildableReference
               BuildableIdentifier = "primary"
               BlueprintIdentifier = "BDF1266A1B45C37D00DFBFEC"
               BuildableName = "AWSCoreUnitTests.xctest"
               BlueprintName = "AWSCoreUnitTests"
               ReferencedContainer = "container:AWSCore.xcodeproj">
            </BuildableReference>
         </TestableReference>
         <TestableReference
            skipped = "NO">
            <BuildableReference
               BuildableIdentifier = "primary"
               BlueprintIdentifier = "BDF1259C1B45C17D00DFBFEC"
               BuildableName = "AWSEC2UnitTests.xctest"
               BlueprintName = "AWSEC2UnitTests"
               ReferencedContainer = "container:AWSEC2.xcodeproj">
            </BuildableReference>
         </TestableReference>
         <TestableReference
            skipped = "NO">
            <BuildableReference
               BuildableIdentifier = "primary"
               BlueprintIdentifier = "BDF125C01B45C1D000DFBFEC"
               BuildableName = "AWSKinesisUnitTests.xctest"
               BlueprintName = "AWSKinesisUnitTests"
               ReferencedContainer = "container:AWSKinesis.xcodeproj">
            </BuildableReference>
         </TestableReference>
         <TestableReference
            skipped = "NO">
            <BuildableReference
               BuildableIdentifier = "primary"
               BlueprintIdentifier = "CED8221F1AC4895F0017E687"
               BuildableName = "AWSLambdaTests.xctest"
               BlueprintName = "AWSLambdaTests"
               ReferencedContainer = "container:AWSLambda.xcodeproj">
            </BuildableReference>
         </TestableReference>
         <TestableReference
            skipped = "NO">
            <BuildableReference
               BuildableIdentifier = "primary"
               BlueprintIdentifier = "BDB5DEF81AB37849002DD224"
               BuildableName = "AWSSQSTests.xctest"
               BlueprintName = "AWSSQSTests"
               ReferencedContainer = "container:AWSSQS.xcodeproj">
            </BuildableReference>
         </TestableReference>
         <TestableReference
            skipped = "NO">
            <BuildableReference
               BuildableIdentifier = "primary"
               BlueprintIdentifier = "BDF125E71B45C24500DFBFEC"
               BuildableName = "AWSMachineLearningUnitTests.xctest"
               BlueprintName = "AWSMachineLearningUnitTests"
               ReferencedContainer = "container:AWSMachineLearning.xcodeproj">
            </BuildableReference>
         </TestableReference>
         <TestableReference
            skipped = "NO">
            <BuildableReference
               BuildableIdentifier = "primary"
               BlueprintIdentifier = "BDF559021AB374250067F4F1"
               BuildableName = "AWSCloudWatchTests.xctest"
               BlueprintName = "AWSCloudWatchTests"
               ReferencedContainer = "container:AWSCloudWatch.xcodeproj">
            </BuildableReference>
         </TestableReference>
         <TestableReference
            skipped = "NO">
            <BuildableReference
               BuildableIdentifier = "primary"
               BlueprintIdentifier = "BDB5DEC91AB377FA002DD224"
               BuildableName = "AWSSNSTests.xctest"
               BlueprintName = "AWSSNSTests"
               ReferencedContainer = "container:AWSSNS.xcodeproj">
            </BuildableReference>
         </TestableReference>
         <TestableReference
            skipped = "NO">
            <BuildableReference
               BuildableIdentifier = "primary"
               BlueprintIdentifier = "BDF125D41B45C22300DFBFEC"
               BuildableName = "AWSLambdaUnitTests.xctest"
               BlueprintName = "AWSLambdaUnitTests"
               ReferencedContainer = "container:AWSLambda.xcodeproj">
            </BuildableReference>
         </TestableReference>
         <TestableReference
            skipped = "NO">
            <BuildableReference
               BuildableIdentifier = "primary"
               BlueprintIdentifier = "CE2E0C761B03EFD300DE3906"
               BuildableName = "AWSMobileAnalyticsTests.xctest"
               BlueprintName = "AWSMobileAnalyticsTests"
               ReferencedContainer = "container:AWSMobileAnalytics.xcodeproj">
            </BuildableReference>
         </TestableReference>
         <TestableReference
            skipped = "NO">
            <BuildableReference
               BuildableIdentifier = "primary"
               BlueprintIdentifier = "CEE532821B03DE7F002CED62"
               BuildableName = "AWSMobileAnalyticsLegacyTests.xctest"
               BlueprintName = "AWSMobileAnalyticsLegacyTests"
               ReferencedContainer = "container:AWSMobileAnalytics.xcodeproj">
            </BuildableReference>
         </TestableReference>
         <TestableReference
            skipped = "NO">
            <BuildableReference
               BuildableIdentifier = "primary"
               BlueprintIdentifier = "BDF126571B45C36100DFBFEC"
               BuildableName = "AWSSQSUnitTests.xctest"
               BlueprintName = "AWSSQSUnitTests"
               ReferencedContainer = "container:AWSSQS.xcodeproj">
            </BuildableReference>
         </TestableReference>
         <TestableReference
            skipped = "NO">
            <BuildableReference
               BuildableIdentifier = "primary"
               BlueprintIdentifier = "CE71235F1ACF7A0B00D96A87"
               BuildableName = "AWSMachineLearningTests.xctest"
               BlueprintName = "AWSMachineLearningTests"
               ReferencedContainer = "container:AWSMachineLearning.xcodeproj">
            </BuildableReference>
         </TestableReference>
         <TestableReference
            skipped = "NO">
            <BuildableReference
               BuildableIdentifier = "primary"
               BlueprintIdentifier = "BDF125F91B45C27900DFBFEC"
               BuildableName = "AWSMobileAnalyticsUnitTests.xctest"
               BlueprintName = "AWSMobileAnalyticsUnitTests"
               ReferencedContainer = "container:AWSMobileAnalytics.xcodeproj">
            </BuildableReference>
         </TestableReference>
         <TestableReference
            skipped = "NO">
            <BuildableReference
               BuildableIdentifier = "primary"
               BlueprintIdentifier = "BDF559F61AB376DC0067F4F1"
               BuildableName = "AWSS3Tests.xctest"
               BlueprintName = "AWSS3Tests"
               ReferencedContainer = "container:AWSS3.xcodeproj">
            </BuildableReference>
         </TestableReference>
         <TestableReference
            skipped = "NO">
            <BuildableReference
               BuildableIdentifier = "primary"
               BlueprintIdentifier = "BDB5DE6B1AB37745002DD224"
               BuildableName = "AWSSESTests.xctest"
               BlueprintName = "AWSSESTests"
               ReferencedContainer = "container:AWSSES.xcodeproj">
            </BuildableReference>
         </TestableReference>
         <TestableReference
            skipped = "NO">
            <BuildableReference
               BuildableIdentifier = "primary"
               BlueprintIdentifier = "BDF125601B45BF3000DFBFEC"
               BuildableName = "AWSAutoScalingUnitTests.xctest"
               BlueprintName = "AWSAutoScalingUnitTests"
               ReferencedContainer = "container:AWSAutoScaling.xcodeproj">
            </BuildableReference>
         </TestableReference>
         <TestableReference
            skipped = "NO">
            <BuildableReference
               BuildableIdentifier = "primary"
               BlueprintIdentifier = "BDB5DE9A1AB377AF002DD224"
               BuildableName = "AWSSimpleDBTests.xctest"
               BlueprintName = "AWSSimpleDBTests"
               ReferencedContainer = "container:AWSSimpleDB.xcodeproj">
            </BuildableReference>
         </TestableReference>
         <TestableReference
            skipped = "NO">
            <BuildableReference
               BuildableIdentifier = "primary"
               BlueprintIdentifier = "BDF125721B45BFE500DFBFEC"
               BuildableName = "AWSCloudWatchUnitTests.xctest"
               BlueprintName = "AWSCloudWatchUnitTests"
               ReferencedContainer = "container:AWSCloudWatch.xcodeproj">
            </BuildableReference>
         </TestableReference>
         <TestableReference
            skipped = "NO">
            <BuildableReference
               BuildableIdentifier = "primary"
               BlueprintIdentifier = "CE48F5F31BD97F4D005F9E3F"
               BuildableName = "AWSIoTUnitTests.xctest"
               BlueprintName = "AWSIoTUnitTests"
               ReferencedContainer = "container:AWSIoT.xcodeproj">
            </BuildableReference>
         </TestableReference>
         <TestableReference
            skipped = "NO">
            <BuildableReference
               BuildableIdentifier = "primary"
               BlueprintIdentifier = "CE1009FA1C112877008F1A91"
               BuildableName = "AWSAPIGatewayUnitTests.xctest"
               BlueprintName = "AWSAPIGatewayUnitTests"
               ReferencedContainer = "container:AWSAPIGateway.xcodeproj">
            </BuildableReference>
         </TestableReference>
         <TestableReference
            skipped = "NO">
            <BuildableReference
               BuildableIdentifier = "primary"
               BlueprintIdentifier = "CE6BC1111B4A440C002E2414"
               BuildableName = "AWSAPIGatewayTests.xctest"
               BlueprintName = "AWSAPIGatewayTests"
               ReferencedContainer = "container:AWSAPIGateway.xcodeproj">
            </BuildableReference>
         </TestableReference>
         <TestableReference
            skipped = "NO">
            <BuildableReference
               BuildableIdentifier = "primary"
               BlueprintIdentifier = "CE07D4331C3B490800ABF5AE"
               BuildableName = "AWSIoTTests.xctest"
               BlueprintName = "AWSIoTTests"
               ReferencedContainer = "container:AWSIoT.xcodeproj">
            </BuildableReference>
         </TestableReference>
      </Testables>
      <MacroExpansion>
         <BuildableReference
            BuildableIdentifier = "primary"
            BlueprintIdentifier = "BDF557511AB371480067F4F1"
            BuildableName = "libAWSCore.a"
            BlueprintName = "AWSCore"
            ReferencedContainer = "container:AWSCore.xcodeproj">
         </BuildableReference>
      </MacroExpansion>
      <AdditionalOptions>
      </AdditionalOptions>
   </TestAction>
   <LaunchAction
      buildConfiguration = "Debug"
      selectedDebuggerIdentifier = "Xcode.DebuggerFoundation.Debugger.LLDB"
      selectedLauncherIdentifier = "Xcode.DebuggerFoundation.Launcher.LLDB"
      launchStyle = "0"
      useCustomWorkingDirectory = "NO"
      ignoresPersistentStateOnLaunch = "NO"
      debugDocumentVersioning = "YES"
      debugServiceExtension = "internal"
      allowLocationSimulation = "YES">
      <MacroExpansion>
         <BuildableReference
            BuildableIdentifier = "primary"
            BlueprintIdentifier = "BDF557511AB371480067F4F1"
            BuildableName = "libAWSCore.a"
            BlueprintName = "AWSCore"
            ReferencedContainer = "container:AWSCore.xcodeproj">
         </BuildableReference>
      </MacroExpansion>
      <AdditionalOptions>
      </AdditionalOptions>
   </LaunchAction>
   <ProfileAction
      buildConfiguration = "Release"
      shouldUseLaunchSchemeArgsEnv = "YES"
      savedToolIdentifier = ""
      useCustomWorkingDirectory = "NO"
      debugDocumentVersioning = "YES">
      <MacroExpansion>
         <BuildableReference
            BuildableIdentifier = "primary"
            BlueprintIdentifier = "BDF557511AB371480067F4F1"
            BuildableName = "libAWSCore.a"
            BlueprintName = "AWSCore"
            ReferencedContainer = "container:AWSCore.xcodeproj">
         </BuildableReference>
      </MacroExpansion>
   </ProfileAction>
   <AnalyzeAction
      buildConfiguration = "Debug">
   </AnalyzeAction>
   <ArchiveAction
      buildConfiguration = "Release"
      revealArchiveInOrganizer = "YES">
   </ArchiveAction>
</Scheme>
