// !$*UTF8*$!
{
	archiveVersion = 1;
	classes = {
	};
	objectVersion = 46;
	objects = {

/* Begin PBXBuildFile section */
		BD0000341AB8C4FD004496EF /* credentials.json in Resources */ = {isa = PBXBuildFile; fileRef = BD0000331AB8C4FD004496EF /* credentials.json */; };
		BD00004F1AB8E15B004496EF /* AWSTestUtility.m in Sources */ = {isa = PBXBuildFile; fileRef = BD00004E1AB8E15B004496EF /* AWSTestUtility.m */; };
		BD00FF3B1AB8B6B6004496EF /* libAWSCore.a in Frameworks */ = {isa = PBXBuildFile; fileRef = BD00FF3A1AB8B6B6004496EF /* libAWSCore.a */; };
		BD00FFDD1AB8C407004496EF /* AWSSNSTests.m in Sources */ = {isa = PBXBuildFile; fileRef = BD00FFDB1AB8C407004496EF /* AWSSNSTests.m */; };
		BD9D97661AC1EEE500CEEE08 /* AWSSNSService.h in CopyFiles */ = {isa = PBXBuildFile; fileRef = CEE7DE761AC1E2270095C4B7 /* AWSSNSService.h */; };
		BDB5DECB1AB377FA002DD224 /* libAWSSNS.a in Frameworks */ = {isa = PBXBuildFile; fileRef = BDB5DEBF1AB377FA002DD224 /* libAWSSNS.a */; };
		BDB5DEE11AB3781F002DD224 /* AWSSNS.h in Headers */ = {isa = PBXBuildFile; fileRef = BDB5DEDB1AB3781F002DD224 /* AWSSNS.h */; settings = {ATTRIBUTES = (Public, ); }; };
		BDB5DEE21AB3781F002DD224 /* AWSSNSService.m in Sources */ = {isa = PBXBuildFile; fileRef = BDB5DEDC1AB3781F002DD224 /* AWSSNSService.m */; };
		BDB5DEE31AB3781F002DD224 /* AWSSNSModel.h in Headers */ = {isa = PBXBuildFile; fileRef = BDB5DEDD1AB3781F002DD224 /* AWSSNSModel.h */; settings = {ATTRIBUTES = (Public, ); }; };
		BDB5DEE41AB3781F002DD224 /* AWSSNSModel.m in Sources */ = {isa = PBXBuildFile; fileRef = BDB5DEDE1AB3781F002DD224 /* AWSSNSModel.m */; };
		BDB73D931B1D3F8D00717559 /* AWSSNSResources.h in Headers */ = {isa = PBXBuildFile; fileRef = BDB73D911B1D3F8D00717559 /* AWSSNSResources.h */; };
		BDB73D941B1D3F8D00717559 /* AWSSNSResources.m in Sources */ = {isa = PBXBuildFile; fileRef = BDB73D921B1D3F8D00717559 /* AWSSNSResources.m */; };
		BDC91C3F1ABBA08300F74D49 /* AWSSNS.h in CopyFiles */ = {isa = PBXBuildFile; fileRef = BDB5DEDB1AB3781F002DD224 /* AWSSNS.h */; };
		BDC91C401ABBA08300F74D49 /* AWSSNSModel.h in CopyFiles */ = {isa = PBXBuildFile; fileRef = BDB5DEDD1AB3781F002DD224 /* AWSSNSModel.h */; };
		BDD876B81B4B5361009268C7 /* libOCMock.a in Frameworks */ = {isa = PBXBuildFile; fileRef = BDD876B71B4B5361009268C7 /* libOCMock.a */; };
		BDF1264A1B45C34100DFBFEC /* AWSTestUtility.m in Sources */ = {isa = PBXBuildFile; fileRef = BD00004E1AB8E15B004496EF /* AWSTestUtility.m */; };
		BDF1264B1B45C34100DFBFEC /* AWSGeneralSNSTests.m in Sources */ = {isa = PBXBuildFile; fileRef = BD00FFDA1AB8C407004496EF /* AWSGeneralSNSTests.m */; };
		BDF1264D1B45C34100DFBFEC /* libz.dylib in Frameworks */ = {isa = PBXBuildFile; fileRef = CEE5325D1B03D38F002CED62 /* libz.dylib */; };
		BDF1264E1B45C34100DFBFEC /* libAWSCore.a in Frameworks */ = {isa = PBXBuildFile; fileRef = BD00FF3A1AB8B6B6004496EF /* libAWSCore.a */; };
		BDF1264F1B45C34100DFBFEC /* libAWSSNS.a in Frameworks */ = {isa = PBXBuildFile; fileRef = BDB5DEBF1AB377FA002DD224 /* libAWSSNS.a */; };
		CE27CB721BF1931C00B22AB3 /* UIKit.framework in Frameworks */ = {isa = PBXBuildFile; fileRef = CE27CB711BF1931C00B22AB3 /* UIKit.framework */; };
		CE27CB731BF1932100B22AB3 /* UIKit.framework in Frameworks */ = {isa = PBXBuildFile; fileRef = CE27CB711BF1931C00B22AB3 /* UIKit.framework */; };
		CE2EDEA61BF3DF8B00B9F26B /* module.modulemap in CopyFiles */ = {isa = PBXBuildFile; fileRef = CE6552441BEC36B900DACBC2 /* module.modulemap */; };
		CEB380371C177F51008B520C /* SystemConfiguration.framework in Frameworks */ = {isa = PBXBuildFile; fileRef = CEB380361C177F51008B520C /* SystemConfiguration.framework */; };
		CEB3803B1C177F75008B520C /* SystemConfiguration.framework in Frameworks */ = {isa = PBXBuildFile; fileRef = CEB380361C177F51008B520C /* SystemConfiguration.framework */; };
		CEB3804E1C17805D008B520C /* Security.framework in Frameworks */ = {isa = PBXBuildFile; fileRef = CEB3804D1C17805D008B520C /* Security.framework */; };
		CEB3804F1C178062008B520C /* Security.framework in Frameworks */ = {isa = PBXBuildFile; fileRef = CEB3804D1C17805D008B520C /* Security.framework */; };
		CEE5325E1B03D38F002CED62 /* libz.dylib in Frameworks */ = {isa = PBXBuildFile; fileRef = CEE5325D1B03D38F002CED62 /* libz.dylib */; };
		CEE7DE771AC1E2270095C4B7 /* AWSSNSService.h in Headers */ = {isa = PBXBuildFile; fileRef = CEE7DE761AC1E2270095C4B7 /* AWSSNSService.h */; settings = {ATTRIBUTES = (Public, ); }; };
/* End PBXBuildFile section */

/* Begin PBXContainerItemProxy section */
		BDB5DECC1AB377FA002DD224 /* PBXContainerItemProxy */ = {
			isa = PBXContainerItemProxy;
			containerPortal = BDB5DEB71AB377FA002DD224 /* Project object */;
			proxyType = 1;
			remoteGlobalIDString = BDB5DEBE1AB377FA002DD224;
			remoteInfo = SNS;
		};
		BDF126471B45C34100DFBFEC /* PBXContainerItemProxy */ = {
			isa = PBXContainerItemProxy;
			containerPortal = BDB5DEB71AB377FA002DD224 /* Project object */;
			proxyType = 1;
			remoteGlobalIDString = BDB5DEBE1AB377FA002DD224;
			remoteInfo = SNS;
		};
/* End PBXContainerItemProxy section */

/* Begin PBXCopyFilesBuildPhase section */
		BDB5DEBD1AB377FA002DD224 /* CopyFiles */ = {
			isa = PBXCopyFilesBuildPhase;
			buildActionMask = 2147483647;
			dstPath = "include/$(PRODUCT_NAME)";
			dstSubfolderSpec = 16;
			files = (
				BD9D97661AC1EEE500CEEE08 /* AWSSNSService.h in CopyFiles */,
				BDC91C3F1ABBA08300F74D49 /* AWSSNS.h in CopyFiles */,
				BDC91C401ABBA08300F74D49 /* AWSSNSModel.h in CopyFiles */,
			);
			runOnlyForDeploymentPostprocessing = 0;
		};
		CE2EDEA51BF3DF8500B9F26B /* CopyFiles */ = {
			isa = PBXCopyFilesBuildPhase;
			buildActionMask = 2147483647;
			dstPath = "modules/$(PRODUCT_NAME)";
			dstSubfolderSpec = 16;
			files = (
				CE2EDEA61BF3DF8B00B9F26B /* module.modulemap in CopyFiles */,
			);
			runOnlyForDeploymentPostprocessing = 0;
		};
/* End PBXCopyFilesBuildPhase section */

/* Begin PBXFileReference section */
		BD0000331AB8C4FD004496EF /* credentials.json */ = {isa = PBXFileReference; fileEncoding = 4; lastKnownFileType = text.json; name = credentials.json; path = AWSCoreTests/credentials.json; sourceTree = SOURCE_ROOT; };
		BD00004D1AB8E15B004496EF /* AWSTestUtility.h */ = {isa = PBXFileReference; fileEncoding = 4; lastKnownFileType = sourcecode.c.h; name = AWSTestUtility.h; path = AWSCoreTests/AWSTestUtility.h; sourceTree = SOURCE_ROOT; };
		BD00004E1AB8E15B004496EF /* AWSTestUtility.m */ = {isa = PBXFileReference; fileEncoding = 4; lastKnownFileType = sourcecode.c.objc; name = AWSTestUtility.m; path = AWSCoreTests/AWSTestUtility.m; sourceTree = SOURCE_ROOT; };
		BD00FF3A1AB8B6B6004496EF /* libAWSCore.a */ = {isa = PBXFileReference; lastKnownFileType = archive.ar; name = libAWSCore.a; path = "build/Debug-iphoneos/libAWSCore.a"; sourceTree = "<group>"; };
		BD00FFDA1AB8C407004496EF /* AWSGeneralSNSTests.m */ = {isa = PBXFileReference; fileEncoding = 4; lastKnownFileType = sourcecode.c.objc; path = AWSGeneralSNSTests.m; sourceTree = "<group>"; };
		BD00FFDB1AB8C407004496EF /* AWSSNSTests.m */ = {isa = PBXFileReference; fileEncoding = 4; lastKnownFileType = sourcecode.c.objc; lineEnding = 0; path = AWSSNSTests.m; sourceTree = "<group>"; xcLanguageSpecificationIdentifier = xcode.lang.objc; };
		BDB5DEBF1AB377FA002DD224 /* libAWSSNS.a */ = {isa = PBXFileReference; explicitFileType = archive.ar; includeInIndex = 0; path = libAWSSNS.a; sourceTree = BUILT_PRODUCTS_DIR; };
		BDB5DECA1AB377FA002DD224 /* AWSSNSTests.xctest */ = {isa = PBXFileReference; explicitFileType = wrapper.cfbundle; includeInIndex = 0; path = AWSSNSTests.xctest; sourceTree = BUILT_PRODUCTS_DIR; };
		BDB5DED01AB377FA002DD224 /* Info.plist */ = {isa = PBXFileReference; lastKnownFileType = text.plist.xml; path = Info.plist; sourceTree = "<group>"; };
		BDB5DEDB1AB3781F002DD224 /* AWSSNS.h */ = {isa = PBXFileReference; fileEncoding = 4; lastKnownFileType = sourcecode.c.h; path = AWSSNS.h; sourceTree = "<group>"; };
		BDB5DEDC1AB3781F002DD224 /* AWSSNSService.m */ = {isa = PBXFileReference; fileEncoding = 4; lastKnownFileType = sourcecode.c.objc; lineEnding = 0; path = AWSSNSService.m; sourceTree = "<group>"; xcLanguageSpecificationIdentifier = xcode.lang.objc; };
		BDB5DEDD1AB3781F002DD224 /* AWSSNSModel.h */ = {isa = PBXFileReference; fileEncoding = 4; lastKnownFileType = sourcecode.c.h; path = AWSSNSModel.h; sourceTree = "<group>"; };
		BDB5DEDE1AB3781F002DD224 /* AWSSNSModel.m */ = {isa = PBXFileReference; fileEncoding = 4; lastKnownFileType = sourcecode.c.objc; path = AWSSNSModel.m; sourceTree = "<group>"; };
		BDB73D911B1D3F8D00717559 /* AWSSNSResources.h */ = {isa = PBXFileReference; fileEncoding = 4; lastKnownFileType = sourcecode.c.h; path = AWSSNSResources.h; sourceTree = "<group>"; };
		BDB73D921B1D3F8D00717559 /* AWSSNSResources.m */ = {isa = PBXFileReference; fileEncoding = 4; lastKnownFileType = sourcecode.c.objc; path = AWSSNSResources.m; sourceTree = "<group>"; };
		BDD876B71B4B5361009268C7 /* libOCMock.a */ = {isa = PBXFileReference; lastKnownFileType = archive.ar; name = libOCMock.a; path = AWSCoreTests/OCMock/libOCMock.a; sourceTree = "<group>"; };
		BDF126551B45C34100DFBFEC /* AWSSNSUnitTests.xctest */ = {isa = PBXFileReference; explicitFileType = wrapper.cfbundle; includeInIndex = 0; path = AWSSNSUnitTests.xctest; sourceTree = BUILT_PRODUCTS_DIR; };
		CE27CB711BF1931C00B22AB3 /* UIKit.framework */ = {isa = PBXFileReference; lastKnownFileType = wrapper.framework; name = UIKit.framework; path = System/Library/Frameworks/UIKit.framework; sourceTree = SDKROOT; };
		CE6552441BEC36B900DACBC2 /* module.modulemap */ = {isa = PBXFileReference; fileEncoding = 4; lastKnownFileType = "sourcecode.module-map"; path = module.modulemap; sourceTree = "<group>"; };
		CEB380361C177F51008B520C /* SystemConfiguration.framework */ = {isa = PBXFileReference; lastKnownFileType = wrapper.framework; name = SystemConfiguration.framework; path = System/Library/Frameworks/SystemConfiguration.framework; sourceTree = SDKROOT; };
		CEB3804D1C17805D008B520C /* Security.framework */ = {isa = PBXFileReference; lastKnownFileType = wrapper.framework; name = Security.framework; path = System/Library/Frameworks/Security.framework; sourceTree = SDKROOT; };
		CEE5325D1B03D38F002CED62 /* libz.dylib */ = {isa = PBXFileReference; lastKnownFileType = "compiled.mach-o.dylib"; name = libz.dylib; path = usr/lib/libz.dylib; sourceTree = SDKROOT; };
		CEE7DE761AC1E2270095C4B7 /* AWSSNSService.h */ = {isa = PBXFileReference; fileEncoding = 4; lastKnownFileType = sourcecode.c.h; path = AWSSNSService.h; sourceTree = "<group>"; };
/* End PBXFileReference section */

/* Begin PBXFrameworksBuildPhase section */
		BDB5DEBC1AB377FA002DD224 /* Frameworks */ = {
			isa = PBXFrameworksBuildPhase;
			buildActionMask = 2147483647;
			files = (
			);
			runOnlyForDeploymentPostprocessing = 0;
		};
		BDB5DEC71AB377FA002DD224 /* Frameworks */ = {
			isa = PBXFrameworksBuildPhase;
			buildActionMask = 2147483647;
			files = (
				CEB3804E1C17805D008B520C /* Security.framework in Frameworks */,
				CEB3803B1C177F75008B520C /* SystemConfiguration.framework in Frameworks */,
				CE27CB721BF1931C00B22AB3 /* UIKit.framework in Frameworks */,
				CEE5325E1B03D38F002CED62 /* libz.dylib in Frameworks */,
				BD00FF3B1AB8B6B6004496EF /* libAWSCore.a in Frameworks */,
				BDB5DECB1AB377FA002DD224 /* libAWSSNS.a in Frameworks */,
			);
			runOnlyForDeploymentPostprocessing = 0;
		};
		BDF1264C1B45C34100DFBFEC /* Frameworks */ = {
			isa = PBXFrameworksBuildPhase;
			buildActionMask = 2147483647;
			files = (
				CEB3804F1C178062008B520C /* Security.framework in Frameworks */,
				CEB380371C177F51008B520C /* SystemConfiguration.framework in Frameworks */,
				CE27CB731BF1932100B22AB3 /* UIKit.framework in Frameworks */,
				BDD876B81B4B5361009268C7 /* libOCMock.a in Frameworks */,
				BDF1264D1B45C34100DFBFEC /* libz.dylib in Frameworks */,
				BDF1264E1B45C34100DFBFEC /* libAWSCore.a in Frameworks */,
				BDF1264F1B45C34100DFBFEC /* libAWSSNS.a in Frameworks */,
			);
			runOnlyForDeploymentPostprocessing = 0;
		};
/* End PBXFrameworksBuildPhase section */

/* Begin PBXGroup section */
		64A8D5459E21A3F4F06E6A97 /* Frameworks */ = {
			isa = PBXGroup;
			children = (
				CEB3804D1C17805D008B520C /* Security.framework */,
				CEB380361C177F51008B520C /* SystemConfiguration.framework */,
				CE27CB711BF1931C00B22AB3 /* UIKit.framework */,
				BDD876B71B4B5361009268C7 /* libOCMock.a */,
				CEE5325D1B03D38F002CED62 /* libz.dylib */,
				BD00FF3A1AB8B6B6004496EF /* libAWSCore.a */,
			);
			name = Frameworks;
			sourceTree = "<group>";
		};
		BDB5DEB61AB377FA002DD224 = {
			isa = PBXGroup;
			children = (
				BDB5DEC11AB377FA002DD224 /* AWSSNS */,
				BDB5DECE1AB377FA002DD224 /* AWSSNSTests */,
				BDB5DEC01AB377FA002DD224 /* Products */,
				64A8D5459E21A3F4F06E6A97 /* Frameworks */,
			);
			sourceTree = "<group>";
		};
		BDB5DEC01AB377FA002DD224 /* Products */ = {
			isa = PBXGroup;
			children = (
				BDB5DEBF1AB377FA002DD224 /* libAWSSNS.a */,
				BDB5DECA1AB377FA002DD224 /* AWSSNSTests.xctest */,
				BDF126551B45C34100DFBFEC /* AWSSNSUnitTests.xctest */,
			);
			name = Products;
			sourceTree = "<group>";
		};
		BDB5DEC11AB377FA002DD224 /* AWSSNS */ = {
			isa = PBXGroup;
			children = (
				CE6552441BEC36B900DACBC2 /* module.modulemap */,
				BDB5DEDB1AB3781F002DD224 /* AWSSNS.h */,
				BDB5DEDD1AB3781F002DD224 /* AWSSNSModel.h */,
				BDB5DEDE1AB3781F002DD224 /* AWSSNSModel.m */,
				CEE7DE761AC1E2270095C4B7 /* AWSSNSService.h */,
				BDB5DEDC1AB3781F002DD224 /* AWSSNSService.m */,
				BDB73D911B1D3F8D00717559 /* AWSSNSResources.h */,
				BDB73D921B1D3F8D00717559 /* AWSSNSResources.m */,
			);
			path = AWSSNS;
			sourceTree = "<group>";
		};
		BDB5DECE1AB377FA002DD224 /* AWSSNSTests */ = {
			isa = PBXGroup;
			children = (
				BD00FFDA1AB8C407004496EF /* AWSGeneralSNSTests.m */,
				BD00FFDB1AB8C407004496EF /* AWSSNSTests.m */,
				BDB5DECF1AB377FA002DD224 /* Supporting Files */,
			);
			path = AWSSNSTests;
			sourceTree = "<group>";
		};
		BDB5DECF1AB377FA002DD224 /* Supporting Files */ = {
			isa = PBXGroup;
			children = (
				BD0000331AB8C4FD004496EF /* credentials.json */,
				BD00004D1AB8E15B004496EF /* AWSTestUtility.h */,
				BD00004E1AB8E15B004496EF /* AWSTestUtility.m */,
				BDB5DED01AB377FA002DD224 /* Info.plist */,
			);
			name = "Supporting Files";
			sourceTree = "<group>";
		};
/* End PBXGroup section */

/* Begin PBXHeadersBuildPhase section */
		BDB5DED91AB37815002DD224 /* Headers */ = {
			isa = PBXHeadersBuildPhase;
			buildActionMask = 2147483647;
			files = (
				BDB5DEE11AB3781F002DD224 /* AWSSNS.h in Headers */,
				BDB73D931B1D3F8D00717559 /* AWSSNSResources.h in Headers */,
				CEE7DE771AC1E2270095C4B7 /* AWSSNSService.h in Headers */,
				BDB5DEE31AB3781F002DD224 /* AWSSNSModel.h in Headers */,
			);
			runOnlyForDeploymentPostprocessing = 0;
		};
/* End PBXHeadersBuildPhase section */

/* Begin PBXNativeTarget section */
		BDB5DEBE1AB377FA002DD224 /* AWSSNS */ = {
			isa = PBXNativeTarget;
			buildConfigurationList = BDB5DED31AB377FA002DD224 /* Build configuration list for PBXNativeTarget "AWSSNS" */;
			buildPhases = (
				BDB5DEBB1AB377FA002DD224 /* Sources */,
				BDB5DEBC1AB377FA002DD224 /* Frameworks */,
				BDB5DEBD1AB377FA002DD224 /* CopyFiles */,
				BDB5DED91AB37815002DD224 /* Headers */,
				CE2EDEA51BF3DF8500B9F26B /* CopyFiles */,
			);
			buildRules = (
			);
			dependencies = (
			);
			name = AWSSNS;
			productName = SNS;
			productReference = BDB5DEBF1AB377FA002DD224 /* libAWSSNS.a */;
			productType = "com.apple.product-type.library.static";
		};
		BDB5DEC91AB377FA002DD224 /* AWSSNSTests */ = {
			isa = PBXNativeTarget;
			buildConfigurationList = BDB5DED61AB377FA002DD224 /* Build configuration list for PBXNativeTarget "AWSSNSTests" */;
			buildPhases = (
				BDB5DEC61AB377FA002DD224 /* Sources */,
				BDB5DEC71AB377FA002DD224 /* Frameworks */,
				BDB5DEC81AB377FA002DD224 /* Resources */,
			);
			buildRules = (
			);
			dependencies = (
				BDB5DECD1AB377FA002DD224 /* PBXTargetDependency */,
			);
			name = AWSSNSTests;
			productName = SNSTests;
			productReference = BDB5DECA1AB377FA002DD224 /* AWSSNSTests.xctest */;
			productType = "com.apple.product-type.bundle.unit-test";
		};
		BDF126451B45C34100DFBFEC /* AWSSNSUnitTests */ = {
			isa = PBXNativeTarget;
			buildConfigurationList = BDF126521B45C34100DFBFEC /* Build configuration list for PBXNativeTarget "AWSSNSUnitTests" */;
			buildPhases = (
				BDF126481B45C34100DFBFEC /* Sources */,
				BDF1264C1B45C34100DFBFEC /* Frameworks */,
				BDF126501B45C34100DFBFEC /* Resources */,
			);
			buildRules = (
			);
			dependencies = (
				BDF126461B45C34100DFBFEC /* PBXTargetDependency */,
			);
			name = AWSSNSUnitTests;
			productName = SNSTests;
			productReference = BDF126551B45C34100DFBFEC /* AWSSNSUnitTests.xctest */;
			productType = "com.apple.product-type.bundle.unit-test";
		};
/* End PBXNativeTarget section */

/* Begin PBXProject section */
		BDB5DEB71AB377FA002DD224 /* Project object */ = {
			isa = PBXProject;
			attributes = {
				LastUpgradeCheck = 0720;
				ORGANIZATIONNAME = "Amazon Web Services";
				TargetAttributes = {
					BDB5DEBE1AB377FA002DD224 = {
						CreatedOnToolsVersion = 6.2;
					};
					BDB5DEC91AB377FA002DD224 = {
						CreatedOnToolsVersion = 6.2;
					};
				};
			};
			buildConfigurationList = BDB5DEBA1AB377FA002DD224 /* Build configuration list for PBXProject "AWSSNS" */;
			compatibilityVersion = "Xcode 3.2";
			developmentRegion = English;
			hasScannedForEncodings = 0;
			knownRegions = (
				en,
			);
			mainGroup = BDB5DEB61AB377FA002DD224;
			productRefGroup = BDB5DEC01AB377FA002DD224 /* Products */;
			projectDirPath = "";
			projectRoot = "";
			targets = (
				BDB5DEBE1AB377FA002DD224 /* AWSSNS */,
				BDB5DEC91AB377FA002DD224 /* AWSSNSTests */,
				BDF126451B45C34100DFBFEC /* AWSSNSUnitTests */,
			);
		};
/* End PBXProject section */

/* Begin PBXResourcesBuildPhase section */
		BDB5DEC81AB377FA002DD224 /* Resources */ = {
			isa = PBXResourcesBuildPhase;
			buildActionMask = 2147483647;
			files = (
				BD0000341AB8C4FD004496EF /* credentials.json in Resources */,
			);
			runOnlyForDeploymentPostprocessing = 0;
		};
		BDF126501B45C34100DFBFEC /* Resources */ = {
			isa = PBXResourcesBuildPhase;
			buildActionMask = 2147483647;
			files = (
			);
			runOnlyForDeploymentPostprocessing = 0;
		};
/* End PBXResourcesBuildPhase section */

/* Begin PBXSourcesBuildPhase section */
		BDB5DEBB1AB377FA002DD224 /* Sources */ = {
			isa = PBXSourcesBuildPhase;
			buildActionMask = 2147483647;
			files = (
				BDB5DEE41AB3781F002DD224 /* AWSSNSModel.m in Sources */,
				BDB73D941B1D3F8D00717559 /* AWSSNSResources.m in Sources */,
				BDB5DEE21AB3781F002DD224 /* AWSSNSService.m in Sources */,
			);
			runOnlyForDeploymentPostprocessing = 0;
		};
		BDB5DEC61AB377FA002DD224 /* Sources */ = {
			isa = PBXSourcesBuildPhase;
			buildActionMask = 2147483647;
			files = (
				BD00FFDD1AB8C407004496EF /* AWSSNSTests.m in Sources */,
				BD00004F1AB8E15B004496EF /* AWSTestUtility.m in Sources */,
			);
			runOnlyForDeploymentPostprocessing = 0;
		};
		BDF126481B45C34100DFBFEC /* Sources */ = {
			isa = PBXSourcesBuildPhase;
			buildActionMask = 2147483647;
			files = (
				BDF1264A1B45C34100DFBFEC /* AWSTestUtility.m in Sources */,
				BDF1264B1B45C34100DFBFEC /* AWSGeneralSNSTests.m in Sources */,
			);
			runOnlyForDeploymentPostprocessing = 0;
		};
/* End PBXSourcesBuildPhase section */

/* Begin PBXTargetDependency section */
		BDB5DECD1AB377FA002DD224 /* PBXTargetDependency */ = {
			isa = PBXTargetDependency;
			target = BDB5DEBE1AB377FA002DD224 /* AWSSNS */;
			targetProxy = BDB5DECC1AB377FA002DD224 /* PBXContainerItemProxy */;
		};
		BDF126461B45C34100DFBFEC /* PBXTargetDependency */ = {
			isa = PBXTargetDependency;
			target = BDB5DEBE1AB377FA002DD224 /* AWSSNS */;
			targetProxy = BDF126471B45C34100DFBFEC /* PBXContainerItemProxy */;
		};
/* End PBXTargetDependency section */

/* Begin XCBuildConfiguration section */
		BDB5DED11AB377FA002DD224 /* Debug */ = {
			isa = XCBuildConfiguration;
			buildSettings = {
				ALWAYS_SEARCH_USER_PATHS = YES;
				ARCHS = (
					"$(ARCHS_STANDARD)",
					armv7s,
				);
				CLANG_CXX_LANGUAGE_STANDARD = "gnu++0x";
				CLANG_CXX_LIBRARY = "libc++";
				CLANG_ENABLE_MODULES = NO;
				CLANG_ENABLE_MODULE_DEBUGGING = NO;
				CLANG_ENABLE_OBJC_ARC = YES;
				CLANG_WARN_BOOL_CONVERSION = YES;
				CLANG_WARN_CONSTANT_CONVERSION = YES;
				CLANG_WARN_DIRECT_OBJC_ISA_USAGE = YES_ERROR;
				CLANG_WARN_EMPTY_BODY = YES;
				CLANG_WARN_ENUM_CONVERSION = YES;
				CLANG_WARN_INT_CONVERSION = YES;
				CLANG_WARN_OBJC_ROOT_CLASS = YES_ERROR;
				CLANG_WARN_UNREACHABLE_CODE = YES;
				CLANG_WARN__DUPLICATE_METHOD_MATCH = YES;
				COPY_PHASE_STRIP = NO;
				ENABLE_STRICT_OBJC_MSGSEND = YES;
				ENABLE_TESTABILITY = YES;
				GCC_C_LANGUAGE_STANDARD = gnu99;
				GCC_DYNAMIC_NO_PIC = NO;
				GCC_OPTIMIZATION_LEVEL = 0;
				GCC_PREPROCESSOR_DEFINITIONS = (
					"DEBUG=1",
					"$(inherited)",
				);
				GCC_SYMBOLS_PRIVATE_EXTERN = NO;
				GCC_WARN_64_TO_32_BIT_CONVERSION = YES;
				GCC_WARN_ABOUT_RETURN_TYPE = YES_ERROR;
				GCC_WARN_UNDECLARED_SELECTOR = YES;
				GCC_WARN_UNINITIALIZED_AUTOS = YES_AGGRESSIVE;
				GCC_WARN_UNUSED_FUNCTION = YES;
				GCC_WARN_UNUSED_VARIABLE = YES;
				IPHONEOS_DEPLOYMENT_TARGET = 7.0;
				MTL_ENABLE_DEBUG_INFO = YES;
				ONLY_ACTIVE_ARCH = YES;
				SDKROOT = iphoneos;
				USER_HEADER_SEARCH_PATHS = "$(SRCROOT)/include/**";
			};
			name = Debug;
		};
		BDB5DED21AB377FA002DD224 /* Release */ = {
			isa = XCBuildConfiguration;
			buildSettings = {
				ALWAYS_SEARCH_USER_PATHS = YES;
				ARCHS = (
					"$(ARCHS_STANDARD)",
					armv7s,
				);
				CLANG_CXX_LANGUAGE_STANDARD = "gnu++0x";
				CLANG_CXX_LIBRARY = "libc++";
				CLANG_ENABLE_MODULES = NO;
				CLANG_ENABLE_MODULE_DEBUGGING = NO;
				CLANG_ENABLE_OBJC_ARC = YES;
				CLANG_WARN_BOOL_CONVERSION = YES;
				CLANG_WARN_CONSTANT_CONVERSION = YES;
				CLANG_WARN_DIRECT_OBJC_ISA_USAGE = YES_ERROR;
				CLANG_WARN_EMPTY_BODY = YES;
				CLANG_WARN_ENUM_CONVERSION = YES;
				CLANG_WARN_INT_CONVERSION = YES;
				CLANG_WARN_OBJC_ROOT_CLASS = YES_ERROR;
				CLANG_WARN_UNREACHABLE_CODE = YES;
				CLANG_WARN__DUPLICATE_METHOD_MATCH = YES;
				COPY_PHASE_STRIP = NO;
				ENABLE_NS_ASSERTIONS = NO;
				ENABLE_STRICT_OBJC_MSGSEND = YES;
				GCC_C_LANGUAGE_STANDARD = gnu99;
				GCC_WARN_64_TO_32_BIT_CONVERSION = YES;
				GCC_WARN_ABOUT_RETURN_TYPE = YES_ERROR;
				GCC_WARN_UNDECLARED_SELECTOR = YES;
				GCC_WARN_UNINITIALIZED_AUTOS = YES_AGGRESSIVE;
				GCC_WARN_UNUSED_FUNCTION = YES;
				GCC_WARN_UNUSED_VARIABLE = YES;
				IPHONEOS_DEPLOYMENT_TARGET = 7.0;
				MTL_ENABLE_DEBUG_INFO = NO;
				SDKROOT = iphoneos;
				USER_HEADER_SEARCH_PATHS = "$(SRCROOT)/include/**";
				VALIDATE_PRODUCT = YES;
			};
			name = Release;
		};
		BDB5DED41AB377FA002DD224 /* Debug */ = {
			isa = XCBuildConfiguration;
			buildSettings = {
				CLANG_ENABLE_MODULES = NO;
				CLANG_ENABLE_MODULE_DEBUGGING = NO;
				DEAD_CODE_STRIPPING = NO;
				DEFINES_MODULE = YES;
				HEADER_SEARCH_PATHS = (
					"$(inherited)",
					/Applications/Xcode.app/Contents/Developer/Toolchains/XcodeDefault.xctoolchain/usr/include,
					"${SRCROOT}/Pods/Headers/**",
				);
				MODULEMAP_FILE = "$(PRODUCT_NAME:c99extidentifier)/module.modulemap";
				OTHER_CFLAGS = "-fembed-bitcode";
				OTHER_LDFLAGS = "";
				PRODUCT_NAME = AWSSNS;
				SKIP_INSTALL = YES;
				STRIP_STYLE = "non-global";
			};
			name = Debug;
		};
		BDB5DED51AB377FA002DD224 /* Release */ = {
			isa = XCBuildConfiguration;
			buildSettings = {
				CLANG_ENABLE_MODULES = NO;
				CLANG_ENABLE_MODULE_DEBUGGING = NO;
				DEAD_CODE_STRIPPING = NO;
				DEFINES_MODULE = YES;
				HEADER_SEARCH_PATHS = (
					"$(inherited)",
					/Applications/Xcode.app/Contents/Developer/Toolchains/XcodeDefault.xctoolchain/usr/include,
					"${SRCROOT}/Pods/Headers/**",
				);
				MODULEMAP_FILE = "$(PRODUCT_NAME:c99extidentifier)/module.modulemap";
				OTHER_CFLAGS = "-fembed-bitcode";
				OTHER_LDFLAGS = "";
				PRODUCT_NAME = AWSSNS;
				SKIP_INSTALL = YES;
				STRIP_STYLE = "non-global";
			};
			name = Release;
		};
		BDB5DED71AB377FA002DD224 /* Debug */ = {
			isa = XCBuildConfiguration;
			buildSettings = {
				FRAMEWORK_SEARCH_PATHS = "$(inherited)";
				GCC_GENERATE_TEST_COVERAGE_FILES = YES;
				GCC_INSTRUMENT_PROGRAM_FLOW_ARCS = YES;
				GCC_PREPROCESSOR_DEFINITIONS = (
					"DEBUG=1",
					"$(inherited)",
				);
				INFOPLIST_FILE = AWSSNSTests/Info.plist;
				LD_RUNPATH_SEARCH_PATHS = "$(inherited) @executable_path/Frameworks @loader_path/Frameworks";
				LIBRARY_SEARCH_PATHS = "$(SYMROOT)";
				PRODUCT_BUNDLE_IDENTIFIER = "com.amazonaws.$(PRODUCT_NAME:rfc1034identifier)";
				PRODUCT_NAME = AWSSNSTests;
			};
			name = Debug;
		};
		BDB5DED81AB377FA002DD224 /* Release */ = {
			isa = XCBuildConfiguration;
			buildSettings = {
				FRAMEWORK_SEARCH_PATHS = "$(inherited)";
				GCC_GENERATE_TEST_COVERAGE_FILES = YES;
				GCC_INSTRUMENT_PROGRAM_FLOW_ARCS = YES;
				INFOPLIST_FILE = AWSSNSTests/Info.plist;
				LD_RUNPATH_SEARCH_PATHS = "$(inherited) @executable_path/Frameworks @loader_path/Frameworks";
				LIBRARY_SEARCH_PATHS = "$(SYMROOT)";
				PRODUCT_BUNDLE_IDENTIFIER = "com.amazonaws.$(PRODUCT_NAME:rfc1034identifier)";
				PRODUCT_NAME = AWSSNSTests;
			};
			name = Release;
		};
		BDF126531B45C34100DFBFEC /* Debug */ = {
			isa = XCBuildConfiguration;
			buildSettings = {
				FRAMEWORK_SEARCH_PATHS = "$(inherited)";
				GCC_GENERATE_TEST_COVERAGE_FILES = YES;
				GCC_INSTRUMENT_PROGRAM_FLOW_ARCS = YES;
				GCC_PREPROCESSOR_DEFINITIONS = (
					"DEBUG=1",
					"$(inherited)",
				);
				INFOPLIST_FILE = AWSSNSTests/Info.plist;
				LD_RUNPATH_SEARCH_PATHS = "$(inherited) @executable_path/Frameworks @loader_path/Frameworks";
				LIBRARY_SEARCH_PATHS = (
					"$(SYMROOT)",
					"$(PROJECT_DIR)/AWSCoreTests/OCMock",
				);
				OTHER_LDFLAGS = (
					"$(inherited)",
					"-framework",
					XCTest,
					"-force_load",
					"$(PROJECT_DIR)/AWSCoreTests/OCMock/libOCMock.a",
				);
				PRODUCT_BUNDLE_IDENTIFIER = "com.amazonaws.$(PRODUCT_NAME:rfc1034identifier)";
				PRODUCT_NAME = AWSSNSUnitTests;
				USER_HEADER_SEARCH_PATHS = "$(SRCROOT)/include/** $(PROJECT_DIR)/AWSCoreTests/OCMock";
			};
			name = Debug;
		};
		BDF126541B45C34100DFBFEC /* Release */ = {
			isa = XCBuildConfiguration;
			buildSettings = {
				FRAMEWORK_SEARCH_PATHS = "$(inherited)";
				GCC_GENERATE_TEST_COVERAGE_FILES = YES;
				GCC_INSTRUMENT_PROGRAM_FLOW_ARCS = YES;
				INFOPLIST_FILE = AWSSNSTests/Info.plist;
				LD_RUNPATH_SEARCH_PATHS = "$(inherited) @executable_path/Frameworks @loader_path/Frameworks";
				LIBRARY_SEARCH_PATHS = (
					"$(SYMROOT)",
					"$(PROJECT_DIR)/AWSCoreTests/OCMock",
				);
				OTHER_LDFLAGS = (
					"$(inherited)",
					"-framework",
					XCTest,
					"-force_load",
					"$(PROJECT_DIR)/AWSCoreTests/OCMock/libOCMock.a",
				);
				PRODUCT_BUNDLE_IDENTIFIER = "com.amazonaws.$(PRODUCT_NAME:rfc1034identifier)";
				PRODUCT_NAME = AWSSNSUnitTests;
				USER_HEADER_SEARCH_PATHS = "$(SRCROOT)/include/** $(PROJECT_DIR)/AWSCoreTests/OCMock";
			};
			name = Release;
		};
/* End XCBuildConfiguration section */

/* Begin XCConfigurationList section */
		BDB5DEBA1AB377FA002DD224 /* Build configuration list for PBXProject "AWSSNS" */ = {
			isa = XCConfigurationList;
			buildConfigurations = (
				BDB5DED11AB377FA002DD224 /* Debug */,
				BDB5DED21AB377FA002DD224 /* Release */,
			);
			defaultConfigurationIsVisible = 0;
			defaultConfigurationName = Release;
		};
		BDB5DED31AB377FA002DD224 /* Build configuration list for PBXNativeTarget "AWSSNS" */ = {
			isa = XCConfigurationList;
			buildConfigurations = (
				BDB5DED41AB377FA002DD224 /* Debug */,
				BDB5DED51AB377FA002DD224 /* Release */,
			);
			defaultConfigurationIsVisible = 0;
			defaultConfigurationName = Release;
		};
		BDB5DED61AB377FA002DD224 /* Build configuration list for PBXNativeTarget "AWSSNSTests" */ = {
			isa = XCConfigurationList;
			buildConfigurations = (
				BDB5DED71AB377FA002DD224 /* Debug */,
				BDB5DED81AB377FA002DD224 /* Release */,
			);
			defaultConfigurationIsVisible = 0;
			defaultConfigurationName = Release;
		};
		BDF126521B45C34100DFBFEC /* Build configuration list for PBXNativeTarget "AWSSNSUnitTests" */ = {
			isa = XCConfigurationList;
			buildConfigurations = (
				BDF126531B45C34100DFBFEC /* Debug */,
				BDF126541B45C34100DFBFEC /* Release */,
			);
			defaultConfigurationIsVisible = 0;
			defaultConfigurationName = Release;
		};
/* End XCConfigurationList section */
	};
	rootObject = BDB5DEB71AB377FA002DD224 /* Project object */;
}
